{
  "version": 4,
  "terraform_version": "1.5.2",
  "serial": 2018,
  "lineage": "0b1c0b8b-f238-dd72-34e8-731f74b91957",
  "outputs": {
    "rendered_script": {
      "value": "#!/bin/bash -x\nexec \u003e \u003e(tee /var/log/user-data.log|logger -t user-data -s 2\u003e/dev/console) 2\u003e\u00261\n\n# Update and install necessary packages\nsudo yum update -y\nsudo yum install -y https://s3.amazonaws.com/ec2-downloads-windows/SSMAgent/latest/linux_amd64/amazon-ssm-agent.rpm\nsudo systemctl start amazon-ssm-agent\nsudo systemctl enable amazon-ssm-agent\nsudo yum install git -y\nsudo yum install -y nfs-utils\nsudo amazon-linux-extras install -y lamp-mariadb10.2-php7.2 php7.2\nsudo yum install -y httpd mariadb-server\n\n# Start and enable Apache\nsudo systemctl start httpd\nsudo systemctl enable httpd\nsudo systemctl is-enabled httpd\n\n# EFS MOUNTING\nFILE_SYSTEM_ID=fs-05679e211b0ae295d\nTOKEN=$(sudo curl --request PUT \"http://169.254.169.254/latest/api/token\" --header \"X-aws-ec2-metadata-token-ttl-seconds: 3600\")\nREGION=$(sudo curl -s http://169.254.169.254/latest/meta-data/placement/region --header \"X-aws-ec2-metadata-token: $TOKEN\")\nMOUNT_POINT=/var/www/html\nsudo mkdir -p $MOUNT_POINT\nsudo chown ec2-user:ec2-user $MOUNT_POINT\necho \"$FILE_SYSTEM_ID.efs.$REGION.amazonaws.com:/ $MOUNT_POINT nfs4 nfsvers=4.1,rsize=1048576,wsize=1048576,hard,timeo=600,retrans=2,noresvport 0 0\" | sudo tee -a /etc/fstab\nsudo mount -a -t nfs4\nsudo chmod -R 755 /var/www/html\n\n# Add ec2-user to Apache group and set permissions\nsudo usermod -a -G apache ec2-user\nsudo chown -R ec2-user:apache /var/www\nsudo chmod 2775 /var/www \u0026\u0026 find /var/www -type d -exec sudo chmod 2775 {} \\;\nfind /var/www -type f -exec sudo chmod 0664 {} \\;\n\n# Clone git repository and set up Wordpress\ncd /var/www/html\nsudo git clone https://github.com/stackitgit/CliXX_Retail_Repository.git\nsudo cp -r CliXX_Retail_Repository/* /var/www/html\n\n# Configure Apache and set permissions\nsudo sed -i '151s/None/All/' /etc/httpd/conf/httpd.conf\nsudo chown -R apache:apache /var/www\nsudo chmod 2775 /var/www \u0026\u0026 find /var/www -type d -exec sudo chmod 2775 {} \\;\nsudo find /var/www -type f -exec sudo chmod 0664 {} \\;\n\n# Update the wp-config.php with the correct database host\ncd /var/www/html\nsudo sed -i \"s/wordpress-db.cc5iigzknvxd.us-east-1.rds.amazonaws.com/wordpressdb.cmm4z4nkjmwg.us-east-1.rds.amazonaws.com/g\" /var/www/html/wp-config.php\n\n# Restart Apache\nsudo systemctl restart httpd\nsudo service httpd restart\n\n# Additional configurations\nsudo /sbin/sysctl -w net.ipv4.tcp_keepalive_time=200 net.ipv4.tcp_keepalive_intvl=200 net.ipv4.tcp_keepalive_probes=5\n\n# Change IP address to A record\nmysql -h wordpressdb.cmm4z4nkjmwg.us-east-1.rds.amazonaws.com -u wordpressuser -pW3lcome123 -D wordpressdb -e \"UPDATE wp_options SET option_value = 'clixx-app-load-balancer-1482251575.us-east-1.elb.amazonaws.com' WHERE option_value LIKE 'http%';\"\n\n# Mount EBS Volume\nfor x in /dev/sdb /dev/sdc /dev/sdd /dev/sde; do\n  if [ ! -b \"$x\" ]; then\n    echo \"$x does not exist.\"\n    continue\n  fi\n\n  # Create a new partition using fdisk\n  (\n  echo o      # Create a new empty partition table\n  echo n      # Add a new partition\n  echo p      # Primary partition\n  echo 1      # Partition number\n  echo        # First sector (accept default)\n  echo        # Last sector (accept default)\n  echo w      # Write changes\n  ) | sudo fdisk $x\ndone\n\nsudo vgcreate stack_vg /dev/sdb1 /dev/sdc1 /dev/sdd1 /dev/sde1\nsudo vgs\nfor lv in Lv_u01 Lv_u02 Lv_u03 Lv_u04; do\n  sudo lvcreate -L 5G -n $lv stack_vg\n  sudo mkfs.ext4 /dev/stack_vg/$lv\n  strip=\"${lv#Lv_}\"\n  mount_point=\"/$strip\"\n  [ ! -d \"$mount_point\" ] \u0026\u0026 sudo mkdir -p $mount_point\n  sudo mount /dev/stack_vg/$lv $mount_point\n  \n  UUID=$(sudo blkid /dev/mapper/stack_vg-$lv -o value -s UUID)\n  echo \"UUID=$UUID $mount_point ext4 defaults,nofail 0 2\" | sudo tee -a /etc/fstab \u003e /dev/null\ndone\n",
      "type": "string"
    }
  },
  "resources": [
    {
      "mode": "data",
      "type": "template_file",
      "name": "bootstrap",
      "provider": "provider[\"registry.terraform.io/hashicorp/template\"]",
      "instances": [
        {
          "schema_version": 0,
          "attributes": {
            "filename": null,
            "id": "7970ccdcc15281c4c12b1d9f1f6f9fa619e69d784c1359d87ec301fdca426ad1",
            "rendered": "#!/bin/bash -x\nexec \u003e \u003e(tee /var/log/user-data.log|logger -t user-data -s 2\u003e/dev/console) 2\u003e\u00261\n\n# Update and install necessary packages\nsudo yum update -y\nsudo yum install -y https://s3.amazonaws.com/ec2-downloads-windows/SSMAgent/latest/linux_amd64/amazon-ssm-agent.rpm\nsudo systemctl start amazon-ssm-agent\nsudo systemctl enable amazon-ssm-agent\nsudo yum install git -y\nsudo yum install -y nfs-utils\nsudo amazon-linux-extras install -y lamp-mariadb10.2-php7.2 php7.2\nsudo yum install -y httpd mariadb-server\n\n# Start and enable Apache\nsudo systemctl start httpd\nsudo systemctl enable httpd\nsudo systemctl is-enabled httpd\n\n# EFS MOUNTING\nFILE_SYSTEM_ID=fs-05679e211b0ae295d\nTOKEN=$(sudo curl --request PUT \"http://169.254.169.254/latest/api/token\" --header \"X-aws-ec2-metadata-token-ttl-seconds: 3600\")\nREGION=$(sudo curl -s http://169.254.169.254/latest/meta-data/placement/region --header \"X-aws-ec2-metadata-token: $TOKEN\")\nMOUNT_POINT=/var/www/html\nsudo mkdir -p $MOUNT_POINT\nsudo chown ec2-user:ec2-user $MOUNT_POINT\necho \"$FILE_SYSTEM_ID.efs.$REGION.amazonaws.com:/ $MOUNT_POINT nfs4 nfsvers=4.1,rsize=1048576,wsize=1048576,hard,timeo=600,retrans=2,noresvport 0 0\" | sudo tee -a /etc/fstab\nsudo mount -a -t nfs4\nsudo chmod -R 755 /var/www/html\n\n# Add ec2-user to Apache group and set permissions\nsudo usermod -a -G apache ec2-user\nsudo chown -R ec2-user:apache /var/www\nsudo chmod 2775 /var/www \u0026\u0026 find /var/www -type d -exec sudo chmod 2775 {} \\;\nfind /var/www -type f -exec sudo chmod 0664 {} \\;\n\n# Clone git repository and set up Wordpress\ncd /var/www/html\nsudo git clone https://github.com/stackitgit/CliXX_Retail_Repository.git\nsudo cp -r CliXX_Retail_Repository/* /var/www/html\n\n# Configure Apache and set permissions\nsudo sed -i '151s/None/All/' /etc/httpd/conf/httpd.conf\nsudo chown -R apache:apache /var/www\nsudo chmod 2775 /var/www \u0026\u0026 find /var/www -type d -exec sudo chmod 2775 {} \\;\nsudo find /var/www -type f -exec sudo chmod 0664 {} \\;\n\n# Update the wp-config.php with the correct database host\ncd /var/www/html\nsudo sed -i \"s/wordpress-db.cc5iigzknvxd.us-east-1.rds.amazonaws.com/wordpressdb.cmm4z4nkjmwg.us-east-1.rds.amazonaws.com/g\" /var/www/html/wp-config.php\n\n# Restart Apache\nsudo systemctl restart httpd\nsudo service httpd restart\n\n# Additional configurations\nsudo /sbin/sysctl -w net.ipv4.tcp_keepalive_time=200 net.ipv4.tcp_keepalive_intvl=200 net.ipv4.tcp_keepalive_probes=5\n\n# Change IP address to A record\nmysql -h wordpressdb.cmm4z4nkjmwg.us-east-1.rds.amazonaws.com -u wordpressuser -pW3lcome123 -D wordpressdb -e \"UPDATE wp_options SET option_value = 'clixx-app-load-balancer-1482251575.us-east-1.elb.amazonaws.com' WHERE option_value LIKE 'http%';\"\n\n# Mount EBS Volume\nfor x in /dev/sdb /dev/sdc /dev/sdd /dev/sde; do\n  if [ ! -b \"$x\" ]; then\n    echo \"$x does not exist.\"\n    continue\n  fi\n\n  # Create a new partition using fdisk\n  (\n  echo o      # Create a new empty partition table\n  echo n      # Add a new partition\n  echo p      # Primary partition\n  echo 1      # Partition number\n  echo        # First sector (accept default)\n  echo        # Last sector (accept default)\n  echo w      # Write changes\n  ) | sudo fdisk $x\ndone\n\nsudo vgcreate stack_vg /dev/sdb1 /dev/sdc1 /dev/sdd1 /dev/sde1\nsudo vgs\nfor lv in Lv_u01 Lv_u02 Lv_u03 Lv_u04; do\n  sudo lvcreate -L 5G -n $lv stack_vg\n  sudo mkfs.ext4 /dev/stack_vg/$lv\n  strip=\"${lv#Lv_}\"\n  mount_point=\"/$strip\"\n  [ ! -d \"$mount_point\" ] \u0026\u0026 sudo mkdir -p $mount_point\n  sudo mount /dev/stack_vg/$lv $mount_point\n  \n  UUID=$(sudo blkid /dev/mapper/stack_vg-$lv -o value -s UUID)\n  echo \"UUID=$UUID $mount_point ext4 defaults,nofail 0 2\" | sudo tee -a /etc/fstab \u003e /dev/null\ndone\n",
            "template": "#!/bin/bash -x\nexec \u003e \u003e(tee /var/log/user-data.log|logger -t user-data -s 2\u003e/dev/console) 2\u003e\u00261\n\n# Update and install necessary packages\nsudo yum update -y\nsudo yum install -y https://s3.amazonaws.com/ec2-downloads-windows/SSMAgent/latest/linux_amd64/amazon-ssm-agent.rpm\nsudo systemctl start amazon-ssm-agent\nsudo systemctl enable amazon-ssm-agent\nsudo yum install git -y\nsudo yum install -y nfs-utils\nsudo amazon-linux-extras install -y lamp-mariadb10.2-php7.2 php7.2\nsudo yum install -y httpd mariadb-server\n\n# Start and enable Apache\nsudo systemctl start httpd\nsudo systemctl enable httpd\nsudo systemctl is-enabled httpd\n\n# EFS MOUNTING\nFILE_SYSTEM_ID=${STACK_CLIXX_EFS}\nTOKEN=$(sudo curl --request PUT \"http://169.254.169.254/latest/api/token\" --header \"X-aws-ec2-metadata-token-ttl-seconds: 3600\")\nREGION=$(sudo curl -s http://169.254.169.254/latest/meta-data/placement/region --header \"X-aws-ec2-metadata-token: $TOKEN\")\nMOUNT_POINT=/var/www/html\nsudo mkdir -p $MOUNT_POINT\nsudo chown ec2-user:ec2-user $MOUNT_POINT\necho \"$FILE_SYSTEM_ID.efs.$REGION.amazonaws.com:/ $MOUNT_POINT nfs4 nfsvers=4.1,rsize=1048576,wsize=1048576,hard,timeo=600,retrans=2,noresvport 0 0\" | sudo tee -a /etc/fstab\nsudo mount -a -t nfs4\nsudo chmod -R 755 /var/www/html\n\n# Add ec2-user to Apache group and set permissions\nsudo usermod -a -G apache ec2-user\nsudo chown -R ec2-user:apache /var/www\nsudo chmod 2775 /var/www \u0026\u0026 find /var/www -type d -exec sudo chmod 2775 {} \\;\nfind /var/www -type f -exec sudo chmod 0664 {} \\;\n\n# Clone git repository and set up Wordpress\ncd /var/www/html\nsudo git clone ${GIT_REPO}\nsudo cp -r CliXX_Retail_Repository/* /var/www/html\n\n# Configure Apache and set permissions\nsudo sed -i '151s/None/All/' /etc/httpd/conf/httpd.conf\nsudo chown -R apache:apache /var/www\nsudo chmod 2775 /var/www \u0026\u0026 find /var/www -type d -exec sudo chmod 2775 {} \\;\nsudo find /var/www -type f -exec sudo chmod 0664 {} \\;\n\n# Update the wp-config.php with the correct database host\ncd /var/www/html\nsudo sed -i \"s/${ORIGINAL_ENDPOINT}/${RDS_ENDPOINT}/g\" /var/www/html/wp-config.php\n\n# Restart Apache\nsudo systemctl restart httpd\nsudo service httpd restart\n\n# Additional configurations\nsudo /sbin/sysctl -w net.ipv4.tcp_keepalive_time=200 net.ipv4.tcp_keepalive_intvl=200 net.ipv4.tcp_keepalive_probes=5\n\n# Change IP address to A record\nmysql -h ${RDS_ENDPOINT} -u ${USER} -p${PASSWORD} -D ${DATABASE} -e \"UPDATE wp_options SET option_value = '${LOAD_BALANCER_DNS}' WHERE option_value LIKE 'http%';\"\n\n# Mount EBS Volume\nfor x in /dev/sdb /dev/sdc /dev/sdd /dev/sde; do\n  if [ ! -b \"$x\" ]; then\n    echo \"$x does not exist.\"\n    continue\n  fi\n\n  # Create a new partition using fdisk\n  (\n  echo o      # Create a new empty partition table\n  echo n      # Add a new partition\n  echo p      # Primary partition\n  echo 1      # Partition number\n  echo        # First sector (accept default)\n  echo        # Last sector (accept default)\n  echo w      # Write changes\n  ) | sudo fdisk $x\ndone\n\nsudo vgcreate stack_vg /dev/sdb1 /dev/sdc1 /dev/sdd1 /dev/sde1\nsudo vgs\nfor lv in Lv_u01 Lv_u02 Lv_u03 Lv_u04; do\n  sudo lvcreate -L 5G -n $lv stack_vg\n  sudo mkfs.ext4 /dev/stack_vg/$lv\n  strip=\"$${lv#Lv_}\"\n  mount_point=\"/$strip\"\n  [ ! -d \"$mount_point\" ] \u0026\u0026 sudo mkdir -p $mount_point\n  sudo mount /dev/stack_vg/$lv $mount_point\n  \n  UUID=$(sudo blkid /dev/mapper/stack_vg-$lv -o value -s UUID)\n  echo \"UUID=$UUID $mount_point ext4 defaults,nofail 0 2\" | sudo tee -a /etc/fstab \u003e /dev/null\ndone\n",
            "vars": {
              "DATABASE": "wordpressdb",
              "GIT_REPO": "https://github.com/stackitgit/CliXX_Retail_Repository.git",
              "LOAD_BALANCER_DNS": "clixx-app-load-balancer-1482251575.us-east-1.elb.amazonaws.com",
              "ORIGINAL_ENDPOINT": "wordpress-db.cc5iigzknvxd.us-east-1.rds.amazonaws.com",
              "PASSWORD": "W3lcome123",
              "RDS_ENDPOINT": "wordpressdb.cmm4z4nkjmwg.us-east-1.rds.amazonaws.com",
              "STACK_CLIXX_EFS": "fs-05679e211b0ae295d",
              "USER": "wordpressuser"
            }
          },
          "sensitive_attributes": []
        }
      ]
    },
    {
      "mode": "managed",
      "type": "aws_autoscaling_group",
      "name": "auto-scaling",
      "provider": "provider[\"registry.terraform.io/hashicorp/aws\"]",
      "instances": [
        {
          "index_key": 0,
          "schema_version": 0,
          "attributes": {
            "arn": "arn:aws:autoscaling:us-east-1:541478845275:autoScalingGroup:8b543d30-e0c6-4bac-b330-107b946ad193:autoScalingGroupName/clixx-app-auto-scaling",
            "availability_zones": [
              "us-east-1a",
              "us-east-1b"
            ],
            "capacity_rebalance": false,
            "context": "",
            "default_cooldown": 300,
            "default_instance_warmup": 0,
            "desired_capacity": 1,
            "desired_capacity_type": "",
            "enabled_metrics": [],
            "force_delete": false,
            "force_delete_warm_pool": false,
            "health_check_grace_period": 300,
            "health_check_type": "EC2",
            "id": "clixx-app-auto-scaling",
            "initial_lifecycle_hook": [],
            "instance_refresh": [],
            "launch_configuration": "",
            "launch_template": [
              {
                "id": "lt-084d7fde3e41069cf",
                "name": "clixx-app-launch-template20230830055933457400000006",
                "version": "$Latest"
              }
            ],
            "load_balancers": [],
            "max_instance_lifetime": 0,
            "max_size": 3,
            "metrics_granularity": "1Minute",
            "min_elb_capacity": null,
            "min_size": 1,
            "mixed_instances_policy": [],
            "name": "clixx-app-auto-scaling",
            "name_prefix": "",
            "placement_group": "",
            "predicted_capacity": 0,
            "protect_from_scale_in": false,
            "service_linked_role_arn": "arn:aws:iam::541478845275:role/aws-service-role/autoscaling.amazonaws.com/AWSServiceRoleForAutoScaling",
            "suspended_processes": [],
            "tag": [
              {
                "key": "Name",
                "propagate_at_launch": true,
                "value": "stack-clixx-app-ASG-1"
              },
              {
                "key": "environment",
                "propagate_at_launch": true,
                "value": "Dev"
              }
            ],
            "target_group_arns": [
              "arn:aws:elasticloadbalancing:us-east-1:541478845275:targetgroup/clixx-app-target-group/3d4e7f7e6cedb57f"
            ],
            "termination_policies": [],
            "timeouts": null,
            "traffic_source": [
              {
                "identifier": "arn:aws:elasticloadbalancing:us-east-1:541478845275:targetgroup/clixx-app-target-group/3d4e7f7e6cedb57f",
                "type": "elbv2"
              }
            ],
            "vpc_zone_identifier": [
              "subnet-0210fa21190d6ac96",
              "subnet-039376d95aa2bcc9c"
            ],
            "wait_for_capacity_timeout": "10m",
            "wait_for_elb_capacity": null,
            "warm_pool": [],
            "warm_pool_size": 0
          },
          "sensitive_attributes": [],
          "private": "eyJlMmJmYjczMC1lY2FhLTExZTYtOGY4OC0zNDM2M2JjN2M0YzAiOnsiZGVsZXRlIjo2MDAwMDAwMDAwMDAsInVwZGF0ZSI6NjAwMDAwMDAwMDAwfX0=",
          "dependencies": [
            "aws_db_instance.clixx-retail-app",
            "aws_db_subnet_group.clixx_db_subnet_group",
            "aws_efs_file_system.stack-clixx-EFS",
            "aws_key_pair.Stack_KP",
            "aws_launch_template.launch-template",
            "aws_lb.clixx-app-load-balancer",
            "aws_lb_target_group.clixx-app-target-group",
            "aws_security_group.clixx-app-loadbalancer",
            "aws_security_group.clixx-app-mysql",
            "aws_security_group.clixx-app-server",
            "aws_subnet.clixx-priv1-appserv1",
            "aws_subnet.clixx-priv2-appserv2",
            "aws_subnet.clixx-pub1",
            "aws_subnet.clixx-pub2",
            "aws_vpc.clixx-app-vpc",
            "data.template_file.bootstrap"
          ]
        }
      ]
    },
    {
      "mode": "managed",
      "type": "aws_autoscaling_group",
      "name": "bastion-auto-scaling",
      "provider": "provider[\"registry.terraform.io/hashicorp/aws\"]",
      "instances": [
        {
          "index_key": 0,
          "schema_version": 0,
          "attributes": {
            "arn": "arn:aws:autoscaling:us-east-1:541478845275:autoScalingGroup:a3446d0c-5787-4a6e-ab07-07bac4d24d5f:autoScalingGroupName/clixx-app-bastion-auto-scaling",
            "availability_zones": [
              "us-east-1a",
              "us-east-1b"
            ],
            "capacity_rebalance": false,
            "context": "",
            "default_cooldown": 300,
            "default_instance_warmup": 0,
            "desired_capacity": 1,
            "desired_capacity_type": "",
            "enabled_metrics": [],
            "force_delete": false,
            "force_delete_warm_pool": false,
            "health_check_grace_period": 300,
            "health_check_type": "EC2",
            "id": "clixx-app-bastion-auto-scaling",
            "initial_lifecycle_hook": [],
            "instance_refresh": [],
            "launch_configuration": "",
            "launch_template": [
              {
                "id": "lt-0d00d5281c242cad9",
                "name": "clixx-app-Bastion-launch-template20230830055933452800000004",
                "version": "$Latest"
              }
            ],
            "load_balancers": [],
            "max_instance_lifetime": 0,
            "max_size": 3,
            "metrics_granularity": "1Minute",
            "min_elb_capacity": null,
            "min_size": 1,
            "mixed_instances_policy": [],
            "name": "clixx-app-bastion-auto-scaling",
            "name_prefix": "",
            "placement_group": "",
            "predicted_capacity": 0,
            "protect_from_scale_in": false,
            "service_linked_role_arn": "arn:aws:iam::541478845275:role/aws-service-role/autoscaling.amazonaws.com/AWSServiceRoleForAutoScaling",
            "suspended_processes": [],
            "tag": [
              {
                "key": "Name",
                "propagate_at_launch": true,
                "value": "stack-clixx-app-bastion-asg-1"
              },
              {
                "key": "environment",
                "propagate_at_launch": true,
                "value": "Dev"
              }
            ],
            "target_group_arns": [
              "arn:aws:elasticloadbalancing:us-east-1:541478845275:targetgroup/clixx-app-target-group/3d4e7f7e6cedb57f"
            ],
            "termination_policies": [],
            "timeouts": null,
            "traffic_source": [
              {
                "identifier": "arn:aws:elasticloadbalancing:us-east-1:541478845275:targetgroup/clixx-app-target-group/3d4e7f7e6cedb57f",
                "type": "elbv2"
              }
            ],
            "vpc_zone_identifier": [
              "subnet-0210fa21190d6ac96",
              "subnet-039376d95aa2bcc9c"
            ],
            "wait_for_capacity_timeout": "10m",
            "wait_for_elb_capacity": null,
            "warm_pool": [],
            "warm_pool_size": 0
          },
          "sensitive_attributes": [],
          "private": "eyJlMmJmYjczMC1lY2FhLTExZTYtOGY4OC0zNDM2M2JjN2M0YzAiOnsiZGVsZXRlIjo2MDAwMDAwMDAwMDAsInVwZGF0ZSI6NjAwMDAwMDAwMDAwfX0=",
          "dependencies": [
            "aws_db_instance.clixx-retail-app",
            "aws_db_subnet_group.clixx_db_subnet_group",
            "aws_efs_file_system.stack-clixx-EFS",
            "aws_key_pair.Stack_KP",
            "aws_launch_template.bastion-launch-template",
            "aws_lb.clixx-app-load-balancer",
            "aws_lb_target_group.clixx-app-target-group",
            "aws_security_group.clixx-app-loadbalancer",
            "aws_security_group.clixx-app-mysql",
            "aws_security_group.clixx-bastion-server",
            "aws_subnet.clixx-priv1-appserv1",
            "aws_subnet.clixx-priv2-appserv2",
            "aws_subnet.clixx-pub1",
            "aws_subnet.clixx-pub2",
            "aws_vpc.clixx-app-vpc",
            "data.template_file.bootstrap"
          ]
        }
      ]
    },
    {
      "mode": "managed",
      "type": "aws_db_instance",
      "name": "clixx-retail-app",
      "provider": "provider[\"registry.terraform.io/hashicorp/aws\"]",
      "instances": [
        {
          "schema_version": 2,
          "attributes": {
            "address": "wordpressdb.cmm4z4nkjmwg.us-east-1.rds.amazonaws.com",
            "allocated_storage": 20,
            "allow_major_version_upgrade": null,
            "apply_immediately": false,
            "arn": "arn:aws:rds:us-east-1:541478845275:db:wordpressdb",
            "auto_minor_version_upgrade": true,
            "availability_zone": "us-east-1a",
            "backup_retention_period": 0,
            "backup_target": "region",
            "backup_window": "08:17-08:47",
            "blue_green_update": [],
            "ca_cert_identifier": "rds-ca-2019",
            "character_set_name": "",
            "copy_tags_to_snapshot": false,
            "custom_iam_instance_profile": "",
            "customer_owned_ip_enabled": false,
            "db_name": "wordpressdb",
            "db_subnet_group_name": "clixx-database-subnet-group",
            "delete_automated_backups": true,
            "deletion_protection": false,
            "domain": "",
            "domain_iam_role_name": "",
            "enabled_cloudwatch_logs_exports": [],
            "endpoint": "wordpressdb.cmm4z4nkjmwg.us-east-1.rds.amazonaws.com:3306",
            "engine": "mysql",
            "engine_version": "8.0.20",
            "engine_version_actual": "8.0.20",
            "final_snapshot_identifier": null,
            "hosted_zone_id": "Z2R2ITUGPM61AM",
            "iam_database_authentication_enabled": false,
            "id": "db-2NVQWPJVLLHHYMULT2NXJCROQM",
            "identifier": "wordpressdb",
            "identifier_prefix": "",
            "instance_class": "db.t2.micro",
            "iops": 0,
            "kms_key_id": "",
            "latest_restorable_time": "",
            "license_model": "general-public-license",
            "listener_endpoint": [],
            "maintenance_window": "sun:06:00-sun:06:30",
            "manage_master_user_password": null,
            "master_user_secret": [],
            "master_user_secret_kms_key_id": null,
            "max_allocated_storage": 0,
            "monitoring_interval": 0,
            "monitoring_role_arn": "",
            "multi_az": true,
            "nchar_character_set_name": "",
            "network_type": "IPV4",
            "option_group_name": "default:mysql-8-0",
            "parameter_group_name": "default.mysql8.0",
            "password": "W3lcome123",
            "performance_insights_enabled": false,
            "performance_insights_kms_key_id": "",
            "performance_insights_retention_period": 0,
            "port": 3306,
            "publicly_accessible": false,
            "replica_mode": "",
            "replicas": [],
            "replicate_source_db": "",
            "resource_id": "db-2NVQWPJVLLHHYMULT2NXJCROQM",
            "restore_to_point_in_time": [],
            "s3_import": [],
            "skip_final_snapshot": true,
            "snapshot_identifier": "arn:aws:rds:us-east-1:541478845275:snapshot:clixx-app-snap-restore",
            "status": "available",
            "storage_encrypted": false,
            "storage_throughput": 0,
            "storage_type": "gp2",
            "tags": {},
            "tags_all": {},
            "timeouts": null,
            "timezone": "",
            "username": "wordpressuser",
            "vpc_security_group_ids": [
              "sg-08bb0c7c261b789b0"
            ]
          },
          "sensitive_attributes": [],
          "private": "eyJlMmJmYjczMC1lY2FhLTExZTYtOGY4OC0zNDM2M2JjN2M0YzAiOnsiY3JlYXRlIjoyNDAwMDAwMDAwMDAwLCJkZWxldGUiOjM2MDAwMDAwMDAwMDAsInVwZGF0ZSI6NDgwMDAwMDAwMDAwMH0sInNjaGVtYV92ZXJzaW9uIjoiMiJ9",
          "dependencies": [
            "aws_db_subnet_group.clixx_db_subnet_group",
            "aws_security_group.clixx-app-mysql",
            "aws_subnet.clixx-priv1-appserv1",
            "aws_subnet.clixx-priv2-appserv2",
            "aws_vpc.clixx-app-vpc"
          ]
        }
      ]
    },
    {
      "mode": "managed",
      "type": "aws_db_subnet_group",
      "name": "clixx_db_subnet_group",
      "provider": "provider[\"registry.terraform.io/hashicorp/aws\"]",
      "instances": [
        {
          "schema_version": 0,
          "attributes": {
            "arn": "arn:aws:rds:us-east-1:541478845275:subgrp:clixx-database-subnet-group",
            "description": "Managed by Terraform",
            "id": "clixx-database-subnet-group",
            "name": "clixx-database-subnet-group",
            "name_prefix": "",
            "subnet_ids": [
              "subnet-0345a8c8eae188056",
              "subnet-0c0a7f99456be9184"
            ],
            "supported_network_types": [
              "IPV4"
            ],
            "tags": {
              "Name": "My database subnet group"
            },
            "tags_all": {
              "Name": "My database subnet group"
            },
            "vpc_id": "vpc-0e7beb62792888e21"
          },
          "sensitive_attributes": [],
          "private": "bnVsbA==",
          "dependencies": [
            "aws_subnet.clixx-priv1-appserv1",
            "aws_subnet.clixx-priv2-appserv2",
            "aws_vpc.clixx-app-vpc"
          ]
        }
      ]
    },
    {
      "mode": "managed",
      "type": "aws_efs_file_system",
      "name": "stack-clixx-EFS",
      "provider": "provider[\"registry.terraform.io/hashicorp/aws\"]",
      "instances": [
        {
          "schema_version": 0,
          "attributes": {
            "arn": "arn:aws:elasticfilesystem:us-east-1:541478845275:file-system/fs-05679e211b0ae295d",
            "availability_zone_id": "",
            "availability_zone_name": "",
            "creation_token": "terraform-20230830054121944300000001",
            "dns_name": "fs-05679e211b0ae295d.efs.us-east-1.amazonaws.com",
            "encrypted": false,
            "id": "fs-05679e211b0ae295d",
            "kms_key_id": "",
            "lifecycle_policy": [
              {
                "transition_to_ia": "AFTER_30_DAYS",
                "transition_to_primary_storage_class": ""
              }
            ],
            "number_of_mount_targets": 1,
            "owner_id": "541478845275",
            "performance_mode": "generalPurpose",
            "provisioned_throughput_in_mibps": 0,
            "size_in_bytes": [
              {
                "value": 6144,
                "value_in_ia": 0,
                "value_in_standard": 6144
              }
            ],
            "tags": {
              "Name": "stack-clixx-EFS"
            },
            "tags_all": {
              "Name": "stack-clixx-EFS"
            },
            "throughput_mode": "bursting"
          },
          "sensitive_attributes": [],
          "private": "bnVsbA=="
        }
      ]
    },
    {
      "mode": "managed",
      "type": "aws_efs_mount_target",
      "name": "stack-clixx-EFS-Mount",
      "provider": "provider[\"registry.terraform.io/hashicorp/aws\"]",
      "instances": [
        {
          "schema_version": 0,
          "attributes": {
            "availability_zone_id": "use1-az4",
            "availability_zone_name": "us-east-1a",
            "dns_name": "fs-05679e211b0ae295d.efs.us-east-1.amazonaws.com",
            "file_system_arn": "arn:aws:elasticfilesystem:us-east-1:541478845275:file-system/fs-05679e211b0ae295d",
            "file_system_id": "fs-05679e211b0ae295d",
            "id": "fsmt-0824834ee8c37dd25",
            "ip_address": "10.0.1.180",
            "mount_target_dns_name": "us-east-1a.fs-05679e211b0ae295d.efs.us-east-1.amazonaws.com",
            "network_interface_id": "eni-02625dab5433a2980",
            "owner_id": "541478845275",
            "security_groups": [
              "sg-0fece22475cd9e5c9"
            ],
            "subnet_id": "subnet-0210fa21190d6ac96",
            "timeouts": null
          },
          "sensitive_attributes": [],
          "private": "eyJlMmJmYjczMC1lY2FhLTExZTYtOGY4OC0zNDM2M2JjN2M0YzAiOnsiY3JlYXRlIjoxODAwMDAwMDAwMDAwLCJkZWxldGUiOjYwMDAwMDAwMDAwMH19",
          "dependencies": [
            "aws_efs_file_system.stack-clixx-EFS",
            "aws_security_group.clixx-app-server",
            "aws_subnet.clixx-pub1",
            "aws_vpc.clixx-app-vpc"
          ]
        }
      ]
    },
    {
      "mode": "managed",
      "type": "aws_eip",
      "name": "clixx-app-eip",
      "provider": "provider[\"registry.terraform.io/hashicorp/aws\"]",
      "instances": [
        {
          "schema_version": 0,
          "attributes": {
            "address": null,
            "allocation_id": "eipalloc-081cd16fa8fda6d61",
            "associate_with_private_ip": null,
            "association_id": "eipassoc-0e898d79463186c30",
            "carrier_ip": "",
            "customer_owned_ip": "",
            "customer_owned_ipv4_pool": "",
            "domain": "vpc",
            "id": "eipalloc-081cd16fa8fda6d61",
            "instance": "",
            "network_border_group": "us-east-1",
            "network_interface": "eni-06fa087428f44efbd",
            "private_dns": "ip-10-0-1-182.ec2.internal",
            "private_ip": "10.0.1.182",
            "public_dns": "ec2-54-225-167-71.compute-1.amazonaws.com",
            "public_ip": "54.225.167.71",
            "public_ipv4_pool": "amazon",
            "tags": {
              "Name": "Clixx App NAT EIP"
            },
            "tags_all": {
              "Name": "Clixx App NAT EIP"
            },
            "timeouts": null,
            "vpc": true
          },
          "sensitive_attributes": [],
          "private": "eyJlMmJmYjczMC1lY2FhLTExZTYtOGY4OC0zNDM2M2JjN2M0YzAiOnsiZGVsZXRlIjoxODAwMDAwMDAwMDAsInJlYWQiOjkwMDAwMDAwMDAwMCwidXBkYXRlIjozMDAwMDAwMDAwMDB9fQ=="
        }
      ]
    },
    {
      "mode": "managed",
      "type": "aws_instance",
      "name": "Server",
      "provider": "provider[\"registry.terraform.io/hashicorp/aws\"]",
      "instances": [
        {
          "schema_version": 1,
          "attributes": {
            "ami": "ami-08f3d892de259504d",
            "arn": "arn:aws:ec2:us-east-1:541478845275:instance/i-04025039bc2f3fca7",
            "associate_public_ip_address": true,
            "availability_zone": "us-east-1a",
            "capacity_reservation_specification": [
              {
                "capacity_reservation_preference": "open",
                "capacity_reservation_target": []
              }
            ],
            "cpu_core_count": 1,
            "cpu_options": [
              {
                "amd_sev_snp": "",
                "core_count": 1,
                "threads_per_core": 1
              }
            ],
            "cpu_threads_per_core": 1,
            "credit_specification": [
              {
                "cpu_credits": "standard"
              }
            ],
            "disable_api_stop": false,
            "disable_api_termination": false,
            "ebs_block_device": [],
            "ebs_optimized": false,
            "enclave_options": [
              {
                "enabled": false
              }
            ],
            "ephemeral_block_device": [],
            "get_password_data": false,
            "hibernation": false,
            "host_id": "",
            "host_resource_group_arn": null,
            "iam_instance_profile": "",
            "id": "i-04025039bc2f3fca7",
            "instance_initiated_shutdown_behavior": "stop",
            "instance_lifecycle": "",
            "instance_market_options": [],
            "instance_state": "running",
            "instance_type": "t2.micro",
            "ipv6_address_count": 0,
            "ipv6_addresses": [],
            "key_name": "stackkp",
            "launch_template": [],
            "maintenance_options": [
              {
                "auto_recovery": "default"
              }
            ],
            "metadata_options": [
              {
                "http_endpoint": "enabled",
                "http_put_response_hop_limit": 1,
                "http_tokens": "optional",
                "instance_metadata_tags": "disabled"
              }
            ],
            "monitoring": false,
            "network_interface": [],
            "outpost_arn": "",
            "password_data": "",
            "placement_group": "",
            "placement_partition_number": 0,
            "primary_network_interface_id": "eni-0d381a5024834ba7e",
            "private_dns": "ip-10-0-1-32.ec2.internal",
            "private_dns_name_options": [
              {
                "enable_resource_name_dns_a_record": false,
                "enable_resource_name_dns_aaaa_record": false,
                "hostname_type": "ip-name"
              }
            ],
            "private_ip": "10.0.1.32",
            "public_dns": "",
            "public_ip": "54.91.195.77",
            "root_block_device": [
              {
                "delete_on_termination": true,
                "device_name": "/dev/xvda",
                "encrypted": false,
                "iops": 100,
                "kms_key_id": "",
                "tags": {},
                "throughput": 0,
                "volume_id": "vol-0e479586747e34559",
                "volume_size": 8,
                "volume_type": "gp2"
              }
            ],
            "secondary_private_ips": [],
            "security_groups": [],
            "source_dest_check": true,
            "spot_instance_request_id": "",
            "subnet_id": "subnet-0210fa21190d6ac96",
            "tags": {
              "Environment": "dev",
              "Name": "stack-clixx-app"
            },
            "tags_all": {
              "Environment": "dev",
              "Name": "stack-clixx-app"
            },
            "tenancy": "default",
            "timeouts": null,
            "user_data": "4e9028db6cdfc6f26bd5fe44afb07d8e3cc1f29b",
            "user_data_base64": null,
            "user_data_replace_on_change": false,
            "volume_tags": null,
            "vpc_security_group_ids": [
              "sg-0fd3bd02ce731bf87"
            ]
          },
          "sensitive_attributes": [],
          "private": "eyJlMmJmYjczMC1lY2FhLTExZTYtOGY4OC0zNDM2M2JjN2M0YzAiOnsiY3JlYXRlIjo2MDAwMDAwMDAwMDAsImRlbGV0ZSI6MTIwMDAwMDAwMDAwMCwidXBkYXRlIjo2MDAwMDAwMDAwMDB9LCJzY2hlbWFfdmVyc2lvbiI6IjEifQ==",
          "dependencies": [
            "aws_db_instance.clixx-retail-app",
            "aws_db_subnet_group.clixx_db_subnet_group",
            "aws_efs_file_system.stack-clixx-EFS",
            "aws_key_pair.Stack_KP",
            "aws_lb.clixx-app-load-balancer",
            "aws_security_group.clixx-app-loadbalancer",
            "aws_security_group.clixx-app-mysql",
            "aws_security_group.clixx-bastion-server",
            "aws_subnet.clixx-priv1-appserv1",
            "aws_subnet.clixx-priv2-appserv2",
            "aws_subnet.clixx-pub1",
            "aws_subnet.clixx-pub2",
            "aws_vpc.clixx-app-vpc",
            "data.template_file.bootstrap"
          ]
        }
      ]
    },
    {
      "mode": "managed",
      "type": "aws_internet_gateway",
      "name": "clixx_app_igw",
      "provider": "provider[\"registry.terraform.io/hashicorp/aws\"]",
      "instances": [
        {
          "schema_version": 0,
          "attributes": {
            "arn": "arn:aws:ec2:us-east-1:541478845275:internet-gateway/igw-070aeddc3ec20b0e3",
            "id": "igw-070aeddc3ec20b0e3",
            "owner_id": "541478845275",
            "tags": {
              "Name": "clixx_app_igw"
            },
            "tags_all": {
              "Name": "clixx_app_igw"
            },
            "timeouts": null,
            "vpc_id": "vpc-0e7beb62792888e21"
          },
          "sensitive_attributes": [],
          "private": "eyJlMmJmYjczMC1lY2FhLTExZTYtOGY4OC0zNDM2M2JjN2M0YzAiOnsiY3JlYXRlIjoxMjAwMDAwMDAwMDAwLCJkZWxldGUiOjEyMDAwMDAwMDAwMDAsInVwZGF0ZSI6MTIwMDAwMDAwMDAwMH19",
          "dependencies": [
            "aws_vpc.clixx-app-vpc"
          ]
        }
      ]
    },
    {
      "mode": "managed",
      "type": "aws_key_pair",
      "name": "Stack_KP",
      "provider": "provider[\"registry.terraform.io/hashicorp/aws\"]",
      "instances": [
        {
          "schema_version": 1,
          "attributes": {
            "arn": "arn:aws:ec2:us-east-1:541478845275:key-pair/stackkp",
            "fingerprint": "b0:5d:bd:48:83:1a:66:fa:71:f1:bf:86:12:aa:51:a5",
            "id": "stackkp",
            "key_name": "stackkp",
            "key_name_prefix": "",
            "key_pair_id": "key-02754ae8130bc5abe",
            "key_type": "rsa",
            "public_key": "ssh-rsa AAAAB3NzaC1yc2EAAAADAQABAAACAQC2ozXBfp4OJoeySbHreo/yASUTalFPbG4macBXoDX3fc0k4GSBhQWRKjXOAs4qDnRTDsnABdME3VVR4C8aDm44eLzJHtpIU1kJmbyE4QbFg7BJ578/UiSTGIBy3dfA1iKIC3Dlrb/8DIHE0fNgBtZZG5v9wezYZn+F3jhQ6mpMxLVWdr7tU1NtNmdNOoh2AwHmfPqtXyUuxQQs1BG9iFqqYVscU3427G58s/7NrTvLzQMG5lEifKvP42pZxORtBWMp5HeK8LppA2brDMtrfngVYcz0DJbBrKgKvZjoE4L8u+j1IwRrJKdz916HpWHJJg5BLsriMajgJCiMNZkfj+U79vwRy9EOkx26Im3idzaaynqUKWnYeMpp/b7wUZwr5VIcGYUdaLt4UG0UQE44D8YTTCE8qslxGZ+Nmmiouq4ggAcgnPMJu8eh8xiJm1P7ab1AhnFR6U321EDNWaaQU9AtZcIwBTqCdkGYKyriLwJhrxGJqY0VngNbvjFYw478YI7tVAsOyIfmPou5aTPmLGTn75Q8Ku8rlP7EsNsxjz8ZUc2TO5EKqUCvcuTLsf1x+wtdLs2ecAD9qTEMdws1uxLOjF+p017p0qe4JDb/InioKoy1ZvhXa/auZc+cIa15fOgwGlneaikNrHw8MPdfzLj4gF9oEpxa47uDaG0UAVxF4Q== mikeo@Layks",
            "tags": {},
            "tags_all": {}
          },
          "sensitive_attributes": [],
          "private": "eyJzY2hlbWFfdmVyc2lvbiI6IjEifQ=="
        }
      ]
    },
    {
      "mode": "managed",
      "type": "aws_launch_template",
      "name": "bastion-launch-template",
      "provider": "provider[\"registry.terraform.io/hashicorp/aws\"]",
      "instances": [
        {
          "schema_version": 0,
          "attributes": {
            "arn": "arn:aws:ec2:us-east-1:541478845275:launch-template/lt-0d00d5281c242cad9",
            "block_device_mappings": [],
            "capacity_reservation_specification": [],
            "cpu_options": [],
            "credit_specification": [],
            "default_version": 1,
            "description": "",
            "disable_api_stop": false,
            "disable_api_termination": false,
            "ebs_optimized": "",
            "elastic_gpu_specifications": [],
            "elastic_inference_accelerator": [],
            "enclave_options": [],
            "hibernation_options": [],
            "iam_instance_profile": [],
            "id": "lt-0d00d5281c242cad9",
            "image_id": "ami-08f3d892de259504d",
            "instance_initiated_shutdown_behavior": "",
            "instance_market_options": [],
            "instance_requirements": [],
            "instance_type": "t2.micro",
            "kernel_id": "",
            "key_name": "stackkp",
            "latest_version": 1,
            "license_specification": [],
            "maintenance_options": [],
            "metadata_options": [],
            "monitoring": [],
            "name": "clixx-app-Bastion-launch-template20230830055933452800000004",
            "name_prefix": "clixx-app-Bastion-launch-template",
            "network_interfaces": [
              {
                "associate_carrier_ip_address": "",
                "associate_public_ip_address": "false",
                "delete_on_termination": "true",
                "description": "",
                "device_index": 0,
                "interface_type": "",
                "ipv4_address_count": 0,
                "ipv4_addresses": [],
                "ipv4_prefix_count": 0,
                "ipv4_prefixes": [],
                "ipv6_address_count": 0,
                "ipv6_addresses": [],
                "ipv6_prefix_count": 0,
                "ipv6_prefixes": [],
                "network_card_index": 0,
                "network_interface_id": "",
                "private_ip_address": "",
                "security_groups": [
                  "sg-0fd3bd02ce731bf87"
                ],
                "subnet_id": ""
              }
            ],
            "placement": [],
            "private_dns_name_options": [],
            "ram_disk_id": "",
            "security_group_names": [],
            "tag_specifications": [],
            "tags": {},
            "tags_all": {},
            "update_default_version": null,
            "user_data": "IyEvYmluL2Jhc2ggLXgKZXhlYyA+ID4odGVlIC92YXIvbG9nL3VzZXItZGF0YS5sb2d8bG9nZ2VyIC10IHVzZXItZGF0YSAtcyAyPi9kZXYvY29uc29sZSkgMj4mMQoKIyBVcGRhdGUgYW5kIGluc3RhbGwgbmVjZXNzYXJ5IHBhY2thZ2VzCnN1ZG8geXVtIHVwZGF0ZSAteQpzdWRvIHl1bSBpbnN0YWxsIC15IGh0dHBzOi8vczMuYW1hem9uYXdzLmNvbS9lYzItZG93bmxvYWRzLXdpbmRvd3MvU1NNQWdlbnQvbGF0ZXN0L2xpbnV4X2FtZDY0L2FtYXpvbi1zc20tYWdlbnQucnBtCnN1ZG8gc3lzdGVtY3RsIHN0YXJ0IGFtYXpvbi1zc20tYWdlbnQKc3VkbyBzeXN0ZW1jdGwgZW5hYmxlIGFtYXpvbi1zc20tYWdlbnQKc3VkbyB5dW0gaW5zdGFsbCBnaXQgLXkKc3VkbyB5dW0gaW5zdGFsbCAteSBuZnMtdXRpbHMKc3VkbyBhbWF6b24tbGludXgtZXh0cmFzIGluc3RhbGwgLXkgbGFtcC1tYXJpYWRiMTAuMi1waHA3LjIgcGhwNy4yCnN1ZG8geXVtIGluc3RhbGwgLXkgaHR0cGQgbWFyaWFkYi1zZXJ2ZXIKCiMgU3RhcnQgYW5kIGVuYWJsZSBBcGFjaGUKc3VkbyBzeXN0ZW1jdGwgc3RhcnQgaHR0cGQKc3VkbyBzeXN0ZW1jdGwgZW5hYmxlIGh0dHBkCnN1ZG8gc3lzdGVtY3RsIGlzLWVuYWJsZWQgaHR0cGQKCiMgRUZTIE1PVU5USU5HCkZJTEVfU1lTVEVNX0lEPWZzLTA1Njc5ZTIxMWIwYWUyOTVkClRPS0VOPSQoc3VkbyBjdXJsIC0tcmVxdWVzdCBQVVQgImh0dHA6Ly8xNjkuMjU0LjE2OS4yNTQvbGF0ZXN0L2FwaS90b2tlbiIgLS1oZWFkZXIgIlgtYXdzLWVjMi1tZXRhZGF0YS10b2tlbi10dGwtc2Vjb25kczogMzYwMCIpClJFR0lPTj0kKHN1ZG8gY3VybCAtcyBodHRwOi8vMTY5LjI1NC4xNjkuMjU0L2xhdGVzdC9tZXRhLWRhdGEvcGxhY2VtZW50L3JlZ2lvbiAtLWhlYWRlciAiWC1hd3MtZWMyLW1ldGFkYXRhLXRva2VuOiAkVE9LRU4iKQpNT1VOVF9QT0lOVD0vdmFyL3d3dy9odG1sCnN1ZG8gbWtkaXIgLXAgJE1PVU5UX1BPSU5UCnN1ZG8gY2hvd24gZWMyLXVzZXI6ZWMyLXVzZXIgJE1PVU5UX1BPSU5UCmVjaG8gIiRGSUxFX1NZU1RFTV9JRC5lZnMuJFJFR0lPTi5hbWF6b25hd3MuY29tOi8gJE1PVU5UX1BPSU5UIG5mczQgbmZzdmVycz00LjEscnNpemU9MTA0ODU3Nix3c2l6ZT0xMDQ4NTc2LGhhcmQsdGltZW89NjAwLHJldHJhbnM9Mixub3Jlc3Zwb3J0IDAgMCIgfCBzdWRvIHRlZSAtYSAvZXRjL2ZzdGFiCnN1ZG8gbW91bnQgLWEgLXQgbmZzNApzdWRvIGNobW9kIC1SIDc1NSAvdmFyL3d3dy9odG1sCgojIEFkZCBlYzItdXNlciB0byBBcGFjaGUgZ3JvdXAgYW5kIHNldCBwZXJtaXNzaW9ucwpzdWRvIHVzZXJtb2QgLWEgLUcgYXBhY2hlIGVjMi11c2VyCnN1ZG8gY2hvd24gLVIgZWMyLXVzZXI6YXBhY2hlIC92YXIvd3d3CnN1ZG8gY2htb2QgMjc3NSAvdmFyL3d3dyAmJiBmaW5kIC92YXIvd3d3IC10eXBlIGQgLWV4ZWMgc3VkbyBjaG1vZCAyNzc1IHt9IFw7CmZpbmQgL3Zhci93d3cgLXR5cGUgZiAtZXhlYyBzdWRvIGNobW9kIDA2NjQge30gXDsKCiMgQ2xvbmUgZ2l0IHJlcG9zaXRvcnkgYW5kIHNldCB1cCBXb3JkcHJlc3MKY2QgL3Zhci93d3cvaHRtbApzdWRvIGdpdCBjbG9uZSBodHRwczovL2dpdGh1Yi5jb20vc3RhY2tpdGdpdC9DbGlYWF9SZXRhaWxfUmVwb3NpdG9yeS5naXQKc3VkbyBjcCAtciBDbGlYWF9SZXRhaWxfUmVwb3NpdG9yeS8qIC92YXIvd3d3L2h0bWwKCiMgQ29uZmlndXJlIEFwYWNoZSBhbmQgc2V0IHBlcm1pc3Npb25zCnN1ZG8gc2VkIC1pICcxNTFzL05vbmUvQWxsLycgL2V0Yy9odHRwZC9jb25mL2h0dHBkLmNvbmYKc3VkbyBjaG93biAtUiBhcGFjaGU6YXBhY2hlIC92YXIvd3d3CnN1ZG8gY2htb2QgMjc3NSAvdmFyL3d3dyAmJiBmaW5kIC92YXIvd3d3IC10eXBlIGQgLWV4ZWMgc3VkbyBjaG1vZCAyNzc1IHt9IFw7CnN1ZG8gZmluZCAvdmFyL3d3dyAtdHlwZSBmIC1leGVjIHN1ZG8gY2htb2QgMDY2NCB7fSBcOwoKIyBVcGRhdGUgdGhlIHdwLWNvbmZpZy5waHAgd2l0aCB0aGUgY29ycmVjdCBkYXRhYmFzZSBob3N0CmNkIC92YXIvd3d3L2h0bWwKc3VkbyBzZWQgLWkgInMvd29yZHByZXNzLWRiLmNjNWlpZ3prbnZ4ZC51cy1lYXN0LTEucmRzLmFtYXpvbmF3cy5jb20vd29yZHByZXNzZGIuY21tNHo0bmtqbXdnLnVzLWVhc3QtMS5yZHMuYW1hem9uYXdzLmNvbS9nIiAvdmFyL3d3dy9odG1sL3dwLWNvbmZpZy5waHAKCiMgUmVzdGFydCBBcGFjaGUKc3VkbyBzeXN0ZW1jdGwgcmVzdGFydCBodHRwZApzdWRvIHNlcnZpY2UgaHR0cGQgcmVzdGFydAoKIyBBZGRpdGlvbmFsIGNvbmZpZ3VyYXRpb25zCnN1ZG8gL3NiaW4vc3lzY3RsIC13IG5ldC5pcHY0LnRjcF9rZWVwYWxpdmVfdGltZT0yMDAgbmV0LmlwdjQudGNwX2tlZXBhbGl2ZV9pbnR2bD0yMDAgbmV0LmlwdjQudGNwX2tlZXBhbGl2ZV9wcm9iZXM9NQoKIyBDaGFuZ2UgSVAgYWRkcmVzcyB0byBBIHJlY29yZApteXNxbCAtaCB3b3JkcHJlc3NkYi5jbW00ejRua2ptd2cudXMtZWFzdC0xLnJkcy5hbWF6b25hd3MuY29tIC11IHdvcmRwcmVzc3VzZXIgLXBXM2xjb21lMTIzIC1EIHdvcmRwcmVzc2RiIC1lICJVUERBVEUgd3Bfb3B0aW9ucyBTRVQgb3B0aW9uX3ZhbHVlID0gJ2NsaXh4LWFwcC1sb2FkLWJhbGFuY2VyLTE0ODIyNTE1NzUudXMtZWFzdC0xLmVsYi5hbWF6b25hd3MuY29tJyBXSEVSRSBvcHRpb25fdmFsdWUgTElLRSAnaHR0cCUnOyIKCiMgTW91bnQgRUJTIFZvbHVtZQpmb3IgeCBpbiAvZGV2L3NkYiAvZGV2L3NkYyAvZGV2L3NkZCAvZGV2L3NkZTsgZG8KICBpZiBbICEgLWIgIiR4IiBdOyB0aGVuCiAgICBlY2hvICIkeCBkb2VzIG5vdCBleGlzdC4iCiAgICBjb250aW51ZQogIGZpCgogICMgQ3JlYXRlIGEgbmV3IHBhcnRpdGlvbiB1c2luZyBmZGlzawogICgKICBlY2hvIG8gICAgICAjIENyZWF0ZSBhIG5ldyBlbXB0eSBwYXJ0aXRpb24gdGFibGUKICBlY2hvIG4gICAgICAjIEFkZCBhIG5ldyBwYXJ0aXRpb24KICBlY2hvIHAgICAgICAjIFByaW1hcnkgcGFydGl0aW9uCiAgZWNobyAxICAgICAgIyBQYXJ0aXRpb24gbnVtYmVyCiAgZWNobyAgICAgICAgIyBGaXJzdCBzZWN0b3IgKGFjY2VwdCBkZWZhdWx0KQogIGVjaG8gICAgICAgICMgTGFzdCBzZWN0b3IgKGFjY2VwdCBkZWZhdWx0KQogIGVjaG8gdyAgICAgICMgV3JpdGUgY2hhbmdlcwogICkgfCBzdWRvIGZkaXNrICR4CmRvbmUKCnN1ZG8gdmdjcmVhdGUgc3RhY2tfdmcgL2Rldi9zZGIxIC9kZXYvc2RjMSAvZGV2L3NkZDEgL2Rldi9zZGUxCnN1ZG8gdmdzCmZvciBsdiBpbiBMdl91MDEgTHZfdTAyIEx2X3UwMyBMdl91MDQ7IGRvCiAgc3VkbyBsdmNyZWF0ZSAtTCA1RyAtbiAkbHYgc3RhY2tfdmcKICBzdWRvIG1rZnMuZXh0NCAvZGV2L3N0YWNrX3ZnLyRsdgogIHN0cmlwPSIke2x2I0x2X30iCiAgbW91bnRfcG9pbnQ9Ii8kc3RyaXAiCiAgWyAhIC1kICIkbW91bnRfcG9pbnQiIF0gJiYgc3VkbyBta2RpciAtcCAkbW91bnRfcG9pbnQKICBzdWRvIG1vdW50IC9kZXYvc3RhY2tfdmcvJGx2ICRtb3VudF9wb2ludAogIAogIFVVSUQ9JChzdWRvIGJsa2lkIC9kZXYvbWFwcGVyL3N0YWNrX3ZnLSRsdiAtbyB2YWx1ZSAtcyBVVUlEKQogIGVjaG8gIlVVSUQ9JFVVSUQgJG1vdW50X3BvaW50IGV4dDQgZGVmYXVsdHMsbm9mYWlsIDAgMiIgfCBzdWRvIHRlZSAtYSAvZXRjL2ZzdGFiID4gL2Rldi9udWxsCmRvbmUK",
            "vpc_security_group_ids": []
          },
          "sensitive_attributes": [],
          "private": "bnVsbA==",
          "dependencies": [
            "aws_db_instance.clixx-retail-app",
            "aws_db_subnet_group.clixx_db_subnet_group",
            "aws_efs_file_system.stack-clixx-EFS",
            "aws_key_pair.Stack_KP",
            "aws_lb.clixx-app-load-balancer",
            "aws_security_group.clixx-app-loadbalancer",
            "aws_security_group.clixx-app-mysql",
            "aws_security_group.clixx-bastion-server",
            "aws_subnet.clixx-priv1-appserv1",
            "aws_subnet.clixx-priv2-appserv2",
            "aws_subnet.clixx-pub1",
            "aws_subnet.clixx-pub2",
            "aws_vpc.clixx-app-vpc",
            "data.template_file.bootstrap"
          ]
        }
      ]
    },
    {
      "mode": "managed",
      "type": "aws_launch_template",
      "name": "launch-template",
      "provider": "provider[\"registry.terraform.io/hashicorp/aws\"]",
      "instances": [
        {
          "schema_version": 0,
          "attributes": {
            "arn": "arn:aws:ec2:us-east-1:541478845275:launch-template/lt-084d7fde3e41069cf",
            "block_device_mappings": [
              {
                "device_name": "/dev/sdb",
                "ebs": [
                  {
                    "delete_on_termination": "true",
                    "encrypted": "",
                    "iops": 0,
                    "kms_key_id": "",
                    "snapshot_id": "",
                    "throughput": 0,
                    "volume_size": 20,
                    "volume_type": "gp2"
                  }
                ],
                "no_device": "",
                "virtual_name": ""
              },
              {
                "device_name": "/dev/sdc",
                "ebs": [
                  {
                    "delete_on_termination": "true",
                    "encrypted": "",
                    "iops": 0,
                    "kms_key_id": "",
                    "snapshot_id": "",
                    "throughput": 0,
                    "volume_size": 20,
                    "volume_type": "gp2"
                  }
                ],
                "no_device": "",
                "virtual_name": ""
              },
              {
                "device_name": "/dev/sdd",
                "ebs": [
                  {
                    "delete_on_termination": "true",
                    "encrypted": "",
                    "iops": 0,
                    "kms_key_id": "",
                    "snapshot_id": "",
                    "throughput": 0,
                    "volume_size": 20,
                    "volume_type": "gp2"
                  }
                ],
                "no_device": "",
                "virtual_name": ""
              },
              {
                "device_name": "/dev/sde",
                "ebs": [
                  {
                    "delete_on_termination": "true",
                    "encrypted": "",
                    "iops": 0,
                    "kms_key_id": "",
                    "snapshot_id": "",
                    "throughput": 0,
                    "volume_size": 20,
                    "volume_type": "gp2"
                  }
                ],
                "no_device": "",
                "virtual_name": ""
              }
            ],
            "capacity_reservation_specification": [],
            "cpu_options": [],
            "credit_specification": [],
            "default_version": 1,
            "description": "",
            "disable_api_stop": false,
            "disable_api_termination": false,
            "ebs_optimized": "",
            "elastic_gpu_specifications": [],
            "elastic_inference_accelerator": [],
            "enclave_options": [],
            "hibernation_options": [],
            "iam_instance_profile": [],
            "id": "lt-084d7fde3e41069cf",
            "image_id": "ami-08f3d892de259504d",
            "instance_initiated_shutdown_behavior": "",
            "instance_market_options": [],
            "instance_requirements": [],
            "instance_type": "t2.micro",
            "kernel_id": "",
            "key_name": "stackkp",
            "latest_version": 1,
            "license_specification": [],
            "maintenance_options": [],
            "metadata_options": [],
            "monitoring": [],
            "name": "clixx-app-launch-template20230830055933457400000006",
            "name_prefix": "clixx-app-launch-template",
            "network_interfaces": [
              {
                "associate_carrier_ip_address": "",
                "associate_public_ip_address": "true",
                "delete_on_termination": "true",
                "description": "",
                "device_index": 0,
                "interface_type": "",
                "ipv4_address_count": 0,
                "ipv4_addresses": [],
                "ipv4_prefix_count": 0,
                "ipv4_prefixes": [],
                "ipv6_address_count": 0,
                "ipv6_addresses": [],
                "ipv6_prefix_count": 0,
                "ipv6_prefixes": [],
                "network_card_index": 0,
                "network_interface_id": "",
                "private_ip_address": "",
                "security_groups": [
                  "sg-0fece22475cd9e5c9"
                ],
                "subnet_id": ""
              }
            ],
            "placement": [],
            "private_dns_name_options": [],
            "ram_disk_id": "",
            "security_group_names": [],
            "tag_specifications": [],
            "tags": {},
            "tags_all": {},
            "update_default_version": null,
            "user_data": "IyEvYmluL2Jhc2ggLXgKZXhlYyA+ID4odGVlIC92YXIvbG9nL3VzZXItZGF0YS5sb2d8bG9nZ2VyIC10IHVzZXItZGF0YSAtcyAyPi9kZXYvY29uc29sZSkgMj4mMQoKIyBVcGRhdGUgYW5kIGluc3RhbGwgbmVjZXNzYXJ5IHBhY2thZ2VzCnN1ZG8geXVtIHVwZGF0ZSAteQpzdWRvIHl1bSBpbnN0YWxsIC15IGh0dHBzOi8vczMuYW1hem9uYXdzLmNvbS9lYzItZG93bmxvYWRzLXdpbmRvd3MvU1NNQWdlbnQvbGF0ZXN0L2xpbnV4X2FtZDY0L2FtYXpvbi1zc20tYWdlbnQucnBtCnN1ZG8gc3lzdGVtY3RsIHN0YXJ0IGFtYXpvbi1zc20tYWdlbnQKc3VkbyBzeXN0ZW1jdGwgZW5hYmxlIGFtYXpvbi1zc20tYWdlbnQKc3VkbyB5dW0gaW5zdGFsbCBnaXQgLXkKc3VkbyB5dW0gaW5zdGFsbCAteSBuZnMtdXRpbHMKc3VkbyBhbWF6b24tbGludXgtZXh0cmFzIGluc3RhbGwgLXkgbGFtcC1tYXJpYWRiMTAuMi1waHA3LjIgcGhwNy4yCnN1ZG8geXVtIGluc3RhbGwgLXkgaHR0cGQgbWFyaWFkYi1zZXJ2ZXIKCiMgU3RhcnQgYW5kIGVuYWJsZSBBcGFjaGUKc3VkbyBzeXN0ZW1jdGwgc3RhcnQgaHR0cGQKc3VkbyBzeXN0ZW1jdGwgZW5hYmxlIGh0dHBkCnN1ZG8gc3lzdGVtY3RsIGlzLWVuYWJsZWQgaHR0cGQKCiMgRUZTIE1PVU5USU5HCkZJTEVfU1lTVEVNX0lEPWZzLTA1Njc5ZTIxMWIwYWUyOTVkClRPS0VOPSQoc3VkbyBjdXJsIC0tcmVxdWVzdCBQVVQgImh0dHA6Ly8xNjkuMjU0LjE2OS4yNTQvbGF0ZXN0L2FwaS90b2tlbiIgLS1oZWFkZXIgIlgtYXdzLWVjMi1tZXRhZGF0YS10b2tlbi10dGwtc2Vjb25kczogMzYwMCIpClJFR0lPTj0kKHN1ZG8gY3VybCAtcyBodHRwOi8vMTY5LjI1NC4xNjkuMjU0L2xhdGVzdC9tZXRhLWRhdGEvcGxhY2VtZW50L3JlZ2lvbiAtLWhlYWRlciAiWC1hd3MtZWMyLW1ldGFkYXRhLXRva2VuOiAkVE9LRU4iKQpNT1VOVF9QT0lOVD0vdmFyL3d3dy9odG1sCnN1ZG8gbWtkaXIgLXAgJE1PVU5UX1BPSU5UCnN1ZG8gY2hvd24gZWMyLXVzZXI6ZWMyLXVzZXIgJE1PVU5UX1BPSU5UCmVjaG8gIiRGSUxFX1NZU1RFTV9JRC5lZnMuJFJFR0lPTi5hbWF6b25hd3MuY29tOi8gJE1PVU5UX1BPSU5UIG5mczQgbmZzdmVycz00LjEscnNpemU9MTA0ODU3Nix3c2l6ZT0xMDQ4NTc2LGhhcmQsdGltZW89NjAwLHJldHJhbnM9Mixub3Jlc3Zwb3J0IDAgMCIgfCBzdWRvIHRlZSAtYSAvZXRjL2ZzdGFiCnN1ZG8gbW91bnQgLWEgLXQgbmZzNApzdWRvIGNobW9kIC1SIDc1NSAvdmFyL3d3dy9odG1sCgojIEFkZCBlYzItdXNlciB0byBBcGFjaGUgZ3JvdXAgYW5kIHNldCBwZXJtaXNzaW9ucwpzdWRvIHVzZXJtb2QgLWEgLUcgYXBhY2hlIGVjMi11c2VyCnN1ZG8gY2hvd24gLVIgZWMyLXVzZXI6YXBhY2hlIC92YXIvd3d3CnN1ZG8gY2htb2QgMjc3NSAvdmFyL3d3dyAmJiBmaW5kIC92YXIvd3d3IC10eXBlIGQgLWV4ZWMgc3VkbyBjaG1vZCAyNzc1IHt9IFw7CmZpbmQgL3Zhci93d3cgLXR5cGUgZiAtZXhlYyBzdWRvIGNobW9kIDA2NjQge30gXDsKCiMgQ2xvbmUgZ2l0IHJlcG9zaXRvcnkgYW5kIHNldCB1cCBXb3JkcHJlc3MKY2QgL3Zhci93d3cvaHRtbApzdWRvIGdpdCBjbG9uZSBodHRwczovL2dpdGh1Yi5jb20vc3RhY2tpdGdpdC9DbGlYWF9SZXRhaWxfUmVwb3NpdG9yeS5naXQKc3VkbyBjcCAtciBDbGlYWF9SZXRhaWxfUmVwb3NpdG9yeS8qIC92YXIvd3d3L2h0bWwKCiMgQ29uZmlndXJlIEFwYWNoZSBhbmQgc2V0IHBlcm1pc3Npb25zCnN1ZG8gc2VkIC1pICcxNTFzL05vbmUvQWxsLycgL2V0Yy9odHRwZC9jb25mL2h0dHBkLmNvbmYKc3VkbyBjaG93biAtUiBhcGFjaGU6YXBhY2hlIC92YXIvd3d3CnN1ZG8gY2htb2QgMjc3NSAvdmFyL3d3dyAmJiBmaW5kIC92YXIvd3d3IC10eXBlIGQgLWV4ZWMgc3VkbyBjaG1vZCAyNzc1IHt9IFw7CnN1ZG8gZmluZCAvdmFyL3d3dyAtdHlwZSBmIC1leGVjIHN1ZG8gY2htb2QgMDY2NCB7fSBcOwoKIyBVcGRhdGUgdGhlIHdwLWNvbmZpZy5waHAgd2l0aCB0aGUgY29ycmVjdCBkYXRhYmFzZSBob3N0CmNkIC92YXIvd3d3L2h0bWwKc3VkbyBzZWQgLWkgInMvd29yZHByZXNzLWRiLmNjNWlpZ3prbnZ4ZC51cy1lYXN0LTEucmRzLmFtYXpvbmF3cy5jb20vd29yZHByZXNzZGIuY21tNHo0bmtqbXdnLnVzLWVhc3QtMS5yZHMuYW1hem9uYXdzLmNvbS9nIiAvdmFyL3d3dy9odG1sL3dwLWNvbmZpZy5waHAKCiMgUmVzdGFydCBBcGFjaGUKc3VkbyBzeXN0ZW1jdGwgcmVzdGFydCBodHRwZApzdWRvIHNlcnZpY2UgaHR0cGQgcmVzdGFydAoKIyBBZGRpdGlvbmFsIGNvbmZpZ3VyYXRpb25zCnN1ZG8gL3NiaW4vc3lzY3RsIC13IG5ldC5pcHY0LnRjcF9rZWVwYWxpdmVfdGltZT0yMDAgbmV0LmlwdjQudGNwX2tlZXBhbGl2ZV9pbnR2bD0yMDAgbmV0LmlwdjQudGNwX2tlZXBhbGl2ZV9wcm9iZXM9NQoKIyBDaGFuZ2UgSVAgYWRkcmVzcyB0byBBIHJlY29yZApteXNxbCAtaCB3b3JkcHJlc3NkYi5jbW00ejRua2ptd2cudXMtZWFzdC0xLnJkcy5hbWF6b25hd3MuY29tIC11IHdvcmRwcmVzc3VzZXIgLXBXM2xjb21lMTIzIC1EIHdvcmRwcmVzc2RiIC1lICJVUERBVEUgd3Bfb3B0aW9ucyBTRVQgb3B0aW9uX3ZhbHVlID0gJ2NsaXh4LWFwcC1sb2FkLWJhbGFuY2VyLTE0ODIyNTE1NzUudXMtZWFzdC0xLmVsYi5hbWF6b25hd3MuY29tJyBXSEVSRSBvcHRpb25fdmFsdWUgTElLRSAnaHR0cCUnOyIKCiMgTW91bnQgRUJTIFZvbHVtZQpmb3IgeCBpbiAvZGV2L3NkYiAvZGV2L3NkYyAvZGV2L3NkZCAvZGV2L3NkZTsgZG8KICBpZiBbICEgLWIgIiR4IiBdOyB0aGVuCiAgICBlY2hvICIkeCBkb2VzIG5vdCBleGlzdC4iCiAgICBjb250aW51ZQogIGZpCgogICMgQ3JlYXRlIGEgbmV3IHBhcnRpdGlvbiB1c2luZyBmZGlzawogICgKICBlY2hvIG8gICAgICAjIENyZWF0ZSBhIG5ldyBlbXB0eSBwYXJ0aXRpb24gdGFibGUKICBlY2hvIG4gICAgICAjIEFkZCBhIG5ldyBwYXJ0aXRpb24KICBlY2hvIHAgICAgICAjIFByaW1hcnkgcGFydGl0aW9uCiAgZWNobyAxICAgICAgIyBQYXJ0aXRpb24gbnVtYmVyCiAgZWNobyAgICAgICAgIyBGaXJzdCBzZWN0b3IgKGFjY2VwdCBkZWZhdWx0KQogIGVjaG8gICAgICAgICMgTGFzdCBzZWN0b3IgKGFjY2VwdCBkZWZhdWx0KQogIGVjaG8gdyAgICAgICMgV3JpdGUgY2hhbmdlcwogICkgfCBzdWRvIGZkaXNrICR4CmRvbmUKCnN1ZG8gdmdjcmVhdGUgc3RhY2tfdmcgL2Rldi9zZGIxIC9kZXYvc2RjMSAvZGV2L3NkZDEgL2Rldi9zZGUxCnN1ZG8gdmdzCmZvciBsdiBpbiBMdl91MDEgTHZfdTAyIEx2X3UwMyBMdl91MDQ7IGRvCiAgc3VkbyBsdmNyZWF0ZSAtTCA1RyAtbiAkbHYgc3RhY2tfdmcKICBzdWRvIG1rZnMuZXh0NCAvZGV2L3N0YWNrX3ZnLyRsdgogIHN0cmlwPSIke2x2I0x2X30iCiAgbW91bnRfcG9pbnQ9Ii8kc3RyaXAiCiAgWyAhIC1kICIkbW91bnRfcG9pbnQiIF0gJiYgc3VkbyBta2RpciAtcCAkbW91bnRfcG9pbnQKICBzdWRvIG1vdW50IC9kZXYvc3RhY2tfdmcvJGx2ICRtb3VudF9wb2ludAogIAogIFVVSUQ9JChzdWRvIGJsa2lkIC9kZXYvbWFwcGVyL3N0YWNrX3ZnLSRsdiAtbyB2YWx1ZSAtcyBVVUlEKQogIGVjaG8gIlVVSUQ9JFVVSUQgJG1vdW50X3BvaW50IGV4dDQgZGVmYXVsdHMsbm9mYWlsIDAgMiIgfCBzdWRvIHRlZSAtYSAvZXRjL2ZzdGFiID4gL2Rldi9udWxsCmRvbmUK",
            "vpc_security_group_ids": []
          },
          "sensitive_attributes": [],
          "private": "bnVsbA==",
          "dependencies": [
            "aws_db_instance.clixx-retail-app",
            "aws_db_subnet_group.clixx_db_subnet_group",
            "aws_efs_file_system.stack-clixx-EFS",
            "aws_key_pair.Stack_KP",
            "aws_lb.clixx-app-load-balancer",
            "aws_security_group.clixx-app-loadbalancer",
            "aws_security_group.clixx-app-mysql",
            "aws_security_group.clixx-app-server",
            "aws_subnet.clixx-priv1-appserv1",
            "aws_subnet.clixx-priv2-appserv2",
            "aws_subnet.clixx-pub1",
            "aws_subnet.clixx-pub2",
            "aws_vpc.clixx-app-vpc",
            "data.template_file.bootstrap"
          ]
        }
      ]
    },
    {
      "mode": "managed",
      "type": "aws_lb",
      "name": "clixx-app-load-balancer",
      "provider": "provider[\"registry.terraform.io/hashicorp/aws\"]",
      "instances": [
        {
          "schema_version": 0,
          "attributes": {
            "access_logs": [
              {
                "bucket": "",
                "enabled": false,
                "prefix": ""
              }
            ],
            "arn": "arn:aws:elasticloadbalancing:us-east-1:541478845275:loadbalancer/app/clixx-app-load-balancer/2dce352b966a7bc5",
            "arn_suffix": "app/clixx-app-load-balancer/2dce352b966a7bc5",
            "customer_owned_ipv4_pool": "",
            "desync_mitigation_mode": "defensive",
            "dns_name": "clixx-app-load-balancer-1482251575.us-east-1.elb.amazonaws.com",
            "drop_invalid_header_fields": false,
            "enable_cross_zone_load_balancing": true,
            "enable_deletion_protection": false,
            "enable_http2": true,
            "enable_tls_version_and_cipher_suite_headers": false,
            "enable_waf_fail_open": false,
            "enable_xff_client_port": false,
            "id": "arn:aws:elasticloadbalancing:us-east-1:541478845275:loadbalancer/app/clixx-app-load-balancer/2dce352b966a7bc5",
            "idle_timeout": 60,
            "internal": false,
            "ip_address_type": "ipv4",
            "load_balancer_type": "application",
            "name": "clixx-app-load-balancer",
            "name_prefix": null,
            "preserve_host_header": false,
            "security_groups": [
              "sg-0fee34b84aa1f5e75"
            ],
            "subnet_mapping": [
              {
                "allocation_id": "",
                "ipv6_address": "",
                "outpost_id": "",
                "private_ipv4_address": "",
                "subnet_id": "subnet-0210fa21190d6ac96"
              },
              {
                "allocation_id": "",
                "ipv6_address": "",
                "outpost_id": "",
                "private_ipv4_address": "",
                "subnet_id": "subnet-039376d95aa2bcc9c"
              }
            ],
            "subnets": [
              "subnet-0210fa21190d6ac96",
              "subnet-039376d95aa2bcc9c"
            ],
            "tags": {},
            "tags_all": {},
            "timeouts": null,
            "vpc_id": "vpc-0e7beb62792888e21",
            "xff_header_processing_mode": "append",
            "zone_id": "Z35SXDOTRQ7X7K"
          },
          "sensitive_attributes": [],
          "private": "eyJlMmJmYjczMC1lY2FhLTExZTYtOGY4OC0zNDM2M2JjN2M0YzAiOnsiY3JlYXRlIjo2MDAwMDAwMDAwMDAsImRlbGV0ZSI6NjAwMDAwMDAwMDAwLCJ1cGRhdGUiOjYwMDAwMDAwMDAwMH19",
          "dependencies": [
            "aws_security_group.clixx-app-loadbalancer",
            "aws_subnet.clixx-pub1",
            "aws_subnet.clixx-pub2",
            "aws_vpc.clixx-app-vpc"
          ]
        }
      ]
    },
    {
      "mode": "managed",
      "type": "aws_lb_listener",
      "name": "clixx-app-listener",
      "provider": "provider[\"registry.terraform.io/hashicorp/aws\"]",
      "instances": [
        {
          "schema_version": 0,
          "attributes": {
            "alpn_policy": null,
            "arn": "arn:aws:elasticloadbalancing:us-east-1:541478845275:listener/app/clixx-app-load-balancer/2dce352b966a7bc5/7dcb7da1e4c08ba3",
            "certificate_arn": null,
            "default_action": [
              {
                "authenticate_cognito": [],
                "authenticate_oidc": [],
                "fixed_response": [],
                "forward": [],
                "order": 1,
                "redirect": [],
                "target_group_arn": "arn:aws:elasticloadbalancing:us-east-1:541478845275:targetgroup/clixx-app-target-group/3d4e7f7e6cedb57f",
                "type": "forward"
              }
            ],
            "id": "arn:aws:elasticloadbalancing:us-east-1:541478845275:listener/app/clixx-app-load-balancer/2dce352b966a7bc5/7dcb7da1e4c08ba3",
            "load_balancer_arn": "arn:aws:elasticloadbalancing:us-east-1:541478845275:loadbalancer/app/clixx-app-load-balancer/2dce352b966a7bc5",
            "port": 80,
            "protocol": "HTTP",
            "ssl_policy": "",
            "tags": {},
            "tags_all": {},
            "timeouts": null
          },
          "sensitive_attributes": [],
          "private": "eyJlMmJmYjczMC1lY2FhLTExZTYtOGY4OC0zNDM2M2JjN2M0YzAiOnsicmVhZCI6NjAwMDAwMDAwMDAwfX0=",
          "dependencies": [
            "aws_lb.clixx-app-load-balancer",
            "aws_lb_target_group.clixx-app-target-group",
            "aws_security_group.clixx-app-loadbalancer",
            "aws_subnet.clixx-pub1",
            "aws_subnet.clixx-pub2",
            "aws_vpc.clixx-app-vpc"
          ]
        }
      ]
    },
    {
      "mode": "managed",
      "type": "aws_lb_target_group",
      "name": "clixx-app-target-group",
      "provider": "provider[\"registry.terraform.io/hashicorp/aws\"]",
      "instances": [
        {
          "schema_version": 0,
          "attributes": {
            "arn": "arn:aws:elasticloadbalancing:us-east-1:541478845275:targetgroup/clixx-app-target-group/3d4e7f7e6cedb57f",
            "arn_suffix": "targetgroup/clixx-app-target-group/3d4e7f7e6cedb57f",
            "connection_termination": false,
            "deregistration_delay": "300",
            "health_check": [
              {
                "enabled": true,
                "healthy_threshold": 5,
                "interval": 30,
                "matcher": "200-299",
                "path": "/",
                "port": "80",
                "protocol": "HTTP",
                "timeout": 10,
                "unhealthy_threshold": 4
              }
            ],
            "id": "arn:aws:elasticloadbalancing:us-east-1:541478845275:targetgroup/clixx-app-target-group/3d4e7f7e6cedb57f",
            "ip_address_type": "ipv4",
            "lambda_multi_value_headers_enabled": false,
            "load_balancing_algorithm_type": "round_robin",
            "load_balancing_cross_zone_enabled": "use_load_balancer_configuration",
            "name": "clixx-app-target-group",
            "name_prefix": null,
            "port": 80,
            "preserve_client_ip": null,
            "protocol": "HTTP",
            "protocol_version": "HTTP1",
            "proxy_protocol_v2": false,
            "slow_start": 0,
            "stickiness": [
              {
                "cookie_duration": 86400,
                "cookie_name": "",
                "enabled": false,
                "type": "lb_cookie"
              }
            ],
            "tags": {},
            "tags_all": {},
            "target_failover": [
              {
                "on_deregistration": null,
                "on_unhealthy": null
              }
            ],
            "target_type": "instance",
            "vpc_id": "vpc-0e7beb62792888e21"
          },
          "sensitive_attributes": [],
          "private": "bnVsbA==",
          "dependencies": [
            "aws_vpc.clixx-app-vpc"
          ]
        }
      ]
    },
    {
      "mode": "managed",
      "type": "aws_lb_target_group_attachment",
      "name": "register-ec2-target",
      "provider": "provider[\"registry.terraform.io/hashicorp/aws\"]",
      "instances": [
        {
          "schema_version": 0,
          "attributes": {
            "availability_zone": null,
            "id": "arn:aws:elasticloadbalancing:us-east-1:541478845275:targetgroup/clixx-app-target-group/3d4e7f7e6cedb57f-20230830060006215000000008",
            "port": 80,
            "target_group_arn": "arn:aws:elasticloadbalancing:us-east-1:541478845275:targetgroup/clixx-app-target-group/3d4e7f7e6cedb57f",
            "target_id": "i-04025039bc2f3fca7"
          },
          "sensitive_attributes": [],
          "private": "bnVsbA==",
          "dependencies": [
            "aws_db_instance.clixx-retail-app",
            "aws_db_subnet_group.clixx_db_subnet_group",
            "aws_efs_file_system.stack-clixx-EFS",
            "aws_instance.Server",
            "aws_key_pair.Stack_KP",
            "aws_lb.clixx-app-load-balancer",
            "aws_lb_target_group.clixx-app-target-group",
            "aws_security_group.clixx-app-loadbalancer",
            "aws_security_group.clixx-app-mysql",
            "aws_security_group.clixx-bastion-server",
            "aws_subnet.clixx-priv1-appserv1",
            "aws_subnet.clixx-priv2-appserv2",
            "aws_subnet.clixx-pub1",
            "aws_subnet.clixx-pub2",
            "aws_vpc.clixx-app-vpc",
            "data.template_file.bootstrap"
          ]
        }
      ]
    },
    {
      "mode": "managed",
      "type": "aws_nat_gateway",
      "name": "clixx-app-nat",
      "provider": "provider[\"registry.terraform.io/hashicorp/aws\"]",
      "instances": [
        {
          "schema_version": 0,
          "attributes": {
            "allocation_id": "eipalloc-081cd16fa8fda6d61",
            "association_id": "eipassoc-0e898d79463186c30",
            "connectivity_type": "public",
            "id": "nat-0537e25702f8b831a",
            "network_interface_id": "eni-06fa087428f44efbd",
            "private_ip": "10.0.1.182",
            "public_ip": "54.225.167.71",
            "secondary_allocation_ids": [],
            "secondary_private_ip_address_count": 0,
            "secondary_private_ip_addresses": [],
            "subnet_id": "subnet-0210fa21190d6ac96",
            "tags": {
              "Name": "Clixx App NAT Gateway"
            },
            "tags_all": {
              "Name": "Clixx App NAT Gateway"
            },
            "timeouts": null
          },
          "sensitive_attributes": [],
          "private": "eyJlMmJmYjczMC1lY2FhLTExZTYtOGY4OC0zNDM2M2JjN2M0YzAiOnsiY3JlYXRlIjo2MDAwMDAwMDAwMDAsImRlbGV0ZSI6MTgwMDAwMDAwMDAwMCwidXBkYXRlIjo2MDAwMDAwMDAwMDB9fQ==",
          "dependencies": [
            "aws_eip.clixx-app-eip",
            "aws_subnet.clixx-pub1",
            "aws_vpc.clixx-app-vpc"
          ]
        }
      ]
    },
    {
      "mode": "managed",
      "type": "aws_route",
      "name": "nat_gateway_route",
      "provider": "provider[\"registry.terraform.io/hashicorp/aws\"]",
      "instances": [
        {
          "schema_version": 0,
          "attributes": {
            "carrier_gateway_id": "",
            "core_network_arn": "",
            "destination_cidr_block": "0.0.0.0/0",
            "destination_ipv6_cidr_block": "",
            "destination_prefix_list_id": "",
            "egress_only_gateway_id": "",
            "gateway_id": "",
            "id": "r-rtb-0514f1a4eece6155f1080289494",
            "instance_id": "",
            "instance_owner_id": "",
            "local_gateway_id": "",
            "nat_gateway_id": "nat-0537e25702f8b831a",
            "network_interface_id": "",
            "origin": "CreateRoute",
            "route_table_id": "rtb-0514f1a4eece6155f",
            "state": "active",
            "timeouts": null,
            "transit_gateway_id": "",
            "vpc_endpoint_id": "",
            "vpc_peering_connection_id": ""
          },
          "sensitive_attributes": [],
          "private": "eyJlMmJmYjczMC1lY2FhLTExZTYtOGY4OC0zNDM2M2JjN2M0YzAiOnsiY3JlYXRlIjozMDAwMDAwMDAwMDAsImRlbGV0ZSI6MzAwMDAwMDAwMDAwLCJ1cGRhdGUiOjEyMDAwMDAwMDAwMH19",
          "dependencies": [
            "aws_eip.clixx-app-eip",
            "aws_nat_gateway.clixx-app-nat",
            "aws_route_table.clixx-app-rtpriv",
            "aws_subnet.clixx-pub1",
            "aws_vpc.clixx-app-vpc"
          ]
        }
      ]
    },
    {
      "mode": "managed",
      "type": "aws_route_table",
      "name": "clixx-app-rtpriv",
      "provider": "provider[\"registry.terraform.io/hashicorp/aws\"]",
      "instances": [
        {
          "schema_version": 0,
          "attributes": {
            "arn": "arn:aws:ec2:us-east-1:541478845275:route-table/rtb-0514f1a4eece6155f",
            "id": "rtb-0514f1a4eece6155f",
            "owner_id": "541478845275",
            "propagating_vgws": [],
            "route": [
              {
                "carrier_gateway_id": "",
                "cidr_block": "0.0.0.0/0",
                "core_network_arn": "",
                "destination_prefix_list_id": "",
                "egress_only_gateway_id": "",
                "gateway_id": "",
                "ipv6_cidr_block": "",
                "local_gateway_id": "",
                "nat_gateway_id": "nat-0537e25702f8b831a",
                "network_interface_id": "",
                "transit_gateway_id": "",
                "vpc_endpoint_id": "",
                "vpc_peering_connection_id": ""
              }
            ],
            "tags": {
              "Name": "Private Route Table"
            },
            "tags_all": {
              "Name": "Private Route Table"
            },
            "timeouts": null,
            "vpc_id": "vpc-0e7beb62792888e21"
          },
          "sensitive_attributes": [],
          "private": "eyJlMmJmYjczMC1lY2FhLTExZTYtOGY4OC0zNDM2M2JjN2M0YzAiOnsiY3JlYXRlIjozMDAwMDAwMDAwMDAsImRlbGV0ZSI6MzAwMDAwMDAwMDAwLCJ1cGRhdGUiOjEyMDAwMDAwMDAwMH19",
          "dependencies": [
            "aws_vpc.clixx-app-vpc"
          ]
        }
      ]
    },
    {
      "mode": "managed",
      "type": "aws_route_table",
      "name": "clixx-app-rtpub",
      "provider": "provider[\"registry.terraform.io/hashicorp/aws\"]",
      "instances": [
        {
          "schema_version": 0,
          "attributes": {
            "arn": "arn:aws:ec2:us-east-1:541478845275:route-table/rtb-05a6fb99c971b5ff7",
            "id": "rtb-05a6fb99c971b5ff7",
            "owner_id": "541478845275",
            "propagating_vgws": [],
            "route": [
              {
                "carrier_gateway_id": "",
                "cidr_block": "0.0.0.0/0",
                "core_network_arn": "",
                "destination_prefix_list_id": "",
                "egress_only_gateway_id": "",
                "gateway_id": "igw-070aeddc3ec20b0e3",
                "ipv6_cidr_block": "",
                "local_gateway_id": "",
                "nat_gateway_id": "",
                "network_interface_id": "",
                "transit_gateway_id": "",
                "vpc_endpoint_id": "",
                "vpc_peering_connection_id": ""
              }
            ],
            "tags": {
              "Name": "clixx-app-rtpub"
            },
            "tags_all": {
              "Name": "clixx-app-rtpub"
            },
            "timeouts": null,
            "vpc_id": "vpc-0e7beb62792888e21"
          },
          "sensitive_attributes": [],
          "private": "eyJlMmJmYjczMC1lY2FhLTExZTYtOGY4OC0zNDM2M2JjN2M0YzAiOnsiY3JlYXRlIjozMDAwMDAwMDAwMDAsImRlbGV0ZSI6MzAwMDAwMDAwMDAwLCJ1cGRhdGUiOjEyMDAwMDAwMDAwMH19",
          "dependencies": [
            "aws_internet_gateway.clixx_app_igw",
            "aws_vpc.clixx-app-vpc"
          ]
        }
      ]
    },
    {
      "mode": "managed",
      "type": "aws_route_table_association",
      "name": "clixx-pub1-association",
      "provider": "provider[\"registry.terraform.io/hashicorp/aws\"]",
      "instances": [
        {
          "schema_version": 0,
          "attributes": {
            "gateway_id": "",
            "id": "rtbassoc-05f1181beba3e719a",
            "route_table_id": "rtb-05a6fb99c971b5ff7",
            "subnet_id": "subnet-0210fa21190d6ac96",
            "timeouts": null
          },
          "sensitive_attributes": [],
          "private": "eyJlMmJmYjczMC1lY2FhLTExZTYtOGY4OC0zNDM2M2JjN2M0YzAiOnsiY3JlYXRlIjozMDAwMDAwMDAwMDAsImRlbGV0ZSI6MzAwMDAwMDAwMDAwLCJ1cGRhdGUiOjEyMDAwMDAwMDAwMH19",
          "dependencies": [
            "aws_internet_gateway.clixx_app_igw",
            "aws_route_table.clixx-app-rtpub",
            "aws_subnet.clixx-pub1",
            "aws_vpc.clixx-app-vpc"
          ]
        }
      ]
    },
    {
      "mode": "managed",
      "type": "aws_route_table_association",
      "name": "clixx-pub2-association",
      "provider": "provider[\"registry.terraform.io/hashicorp/aws\"]",
      "instances": [
        {
          "schema_version": 0,
          "attributes": {
            "gateway_id": "",
            "id": "rtbassoc-0cd5218390b7f9280",
            "route_table_id": "rtb-05a6fb99c971b5ff7",
            "subnet_id": "subnet-039376d95aa2bcc9c",
            "timeouts": null
          },
          "sensitive_attributes": [],
          "private": "eyJlMmJmYjczMC1lY2FhLTExZTYtOGY4OC0zNDM2M2JjN2M0YzAiOnsiY3JlYXRlIjozMDAwMDAwMDAwMDAsImRlbGV0ZSI6MzAwMDAwMDAwMDAwLCJ1cGRhdGUiOjEyMDAwMDAwMDAwMH19",
          "dependencies": [
            "aws_internet_gateway.clixx_app_igw",
            "aws_route_table.clixx-app-rtpub",
            "aws_subnet.clixx-pub2",
            "aws_vpc.clixx-app-vpc"
          ]
        }
      ]
    },
    {
      "mode": "managed",
      "type": "aws_route_table_association",
      "name": "privsub1",
      "provider": "provider[\"registry.terraform.io/hashicorp/aws\"]",
      "instances": [
        {
          "schema_version": 0,
          "attributes": {
            "gateway_id": "",
            "id": "rtbassoc-0464a38ff82d5bca4",
            "route_table_id": "rtb-0514f1a4eece6155f",
            "subnet_id": "subnet-0345a8c8eae188056",
            "timeouts": null
          },
          "sensitive_attributes": [],
          "private": "eyJlMmJmYjczMC1lY2FhLTExZTYtOGY4OC0zNDM2M2JjN2M0YzAiOnsiY3JlYXRlIjozMDAwMDAwMDAwMDAsImRlbGV0ZSI6MzAwMDAwMDAwMDAwLCJ1cGRhdGUiOjEyMDAwMDAwMDAwMH19",
          "dependencies": [
            "aws_route_table.clixx-app-rtpriv",
            "aws_subnet.clixx-priv1-appserv1",
            "aws_vpc.clixx-app-vpc"
          ]
        }
      ]
    },
    {
      "mode": "managed",
      "type": "aws_route_table_association",
      "name": "privsub10",
      "provider": "provider[\"registry.terraform.io/hashicorp/aws\"]",
      "instances": [
        {
          "schema_version": 0,
          "attributes": {
            "gateway_id": "",
            "id": "rtbassoc-09cd478e1a4f0672e",
            "route_table_id": "rtb-0514f1a4eece6155f",
            "subnet_id": "subnet-07d2fd167e6c6e28b",
            "timeouts": null
          },
          "sensitive_attributes": [],
          "private": "eyJlMmJmYjczMC1lY2FhLTExZTYtOGY4OC0zNDM2M2JjN2M0YzAiOnsiY3JlYXRlIjozMDAwMDAwMDAwMDAsImRlbGV0ZSI6MzAwMDAwMDAwMDAwLCJ1cGRhdGUiOjEyMDAwMDAwMDAwMH19",
          "dependencies": [
            "aws_route_table.clixx-app-rtpriv",
            "aws_subnet.clixx-priv10-oracleDB2",
            "aws_vpc.clixx-app-vpc"
          ]
        }
      ]
    },
    {
      "mode": "managed",
      "type": "aws_route_table_association",
      "name": "privsub2",
      "provider": "provider[\"registry.terraform.io/hashicorp/aws\"]",
      "instances": [
        {
          "schema_version": 0,
          "attributes": {
            "gateway_id": "",
            "id": "rtbassoc-0b96567b6df990ac8",
            "route_table_id": "rtb-0514f1a4eece6155f",
            "subnet_id": "subnet-0c0a7f99456be9184",
            "timeouts": null
          },
          "sensitive_attributes": [],
          "private": "eyJlMmJmYjczMC1lY2FhLTExZTYtOGY4OC0zNDM2M2JjN2M0YzAiOnsiY3JlYXRlIjozMDAwMDAwMDAwMDAsImRlbGV0ZSI6MzAwMDAwMDAwMDAwLCJ1cGRhdGUiOjEyMDAwMDAwMDAwMH19",
          "dependencies": [
            "aws_route_table.clixx-app-rtpriv",
            "aws_subnet.clixx-priv2-appserv2",
            "aws_vpc.clixx-app-vpc"
          ]
        }
      ]
    },
    {
      "mode": "managed",
      "type": "aws_route_table_association",
      "name": "privsub3",
      "provider": "provider[\"registry.terraform.io/hashicorp/aws\"]",
      "instances": [
        {
          "schema_version": 0,
          "attributes": {
            "gateway_id": "",
            "id": "rtbassoc-026bd91a3bf98abcd",
            "route_table_id": "rtb-0514f1a4eece6155f",
            "subnet_id": "subnet-08b9d3f4149520fe2",
            "timeouts": null
          },
          "sensitive_attributes": [],
          "private": "eyJlMmJmYjczMC1lY2FhLTExZTYtOGY4OC0zNDM2M2JjN2M0YzAiOnsiY3JlYXRlIjozMDAwMDAwMDAwMDAsImRlbGV0ZSI6MzAwMDAwMDAwMDAwLCJ1cGRhdGUiOjEyMDAwMDAwMDAwMH19",
          "dependencies": [
            "aws_route_table.clixx-app-rtpriv",
            "aws_subnet.clixx-priv3-appServ1",
            "aws_vpc.clixx-app-vpc"
          ]
        }
      ]
    },
    {
      "mode": "managed",
      "type": "aws_route_table_association",
      "name": "privsub4",
      "provider": "provider[\"registry.terraform.io/hashicorp/aws\"]",
      "instances": [
        {
          "schema_version": 0,
          "attributes": {
            "gateway_id": "",
            "id": "rtbassoc-04bfd27ece1647129",
            "route_table_id": "rtb-0514f1a4eece6155f",
            "subnet_id": "subnet-0bec1176cc3b7a582",
            "timeouts": null
          },
          "sensitive_attributes": [],
          "private": "eyJlMmJmYjczMC1lY2FhLTExZTYtOGY4OC0zNDM2M2JjN2M0YzAiOnsiY3JlYXRlIjozMDAwMDAwMDAwMDAsImRlbGV0ZSI6MzAwMDAwMDAwMDAwLCJ1cGRhdGUiOjEyMDAwMDAwMDAwMH19",
          "dependencies": [
            "aws_route_table.clixx-app-rtpriv",
            "aws_subnet.clixx-priv4-appServ2",
            "aws_vpc.clixx-app-vpc"
          ]
        }
      ]
    },
    {
      "mode": "managed",
      "type": "aws_route_table_association",
      "name": "privsub5",
      "provider": "provider[\"registry.terraform.io/hashicorp/aws\"]",
      "instances": [
        {
          "schema_version": 0,
          "attributes": {
            "gateway_id": "",
            "id": "rtbassoc-0cfb1b0d9fe8aa3be",
            "route_table_id": "rtb-0514f1a4eece6155f",
            "subnet_id": "subnet-0ddbc9bfa573d27db",
            "timeouts": null
          },
          "sensitive_attributes": [],
          "private": "eyJlMmJmYjczMC1lY2FhLTExZTYtOGY4OC0zNDM2M2JjN2M0YzAiOnsiY3JlYXRlIjozMDAwMDAwMDAwMDAsImRlbGV0ZSI6MzAwMDAwMDAwMDAwLCJ1cGRhdGUiOjEyMDAwMDAwMDAwMH19",
          "dependencies": [
            "aws_route_table.clixx-app-rtpriv",
            "aws_subnet.clixx-priv5-javaDB1",
            "aws_vpc.clixx-app-vpc"
          ]
        }
      ]
    },
    {
      "mode": "managed",
      "type": "aws_route_table_association",
      "name": "privsub6",
      "provider": "provider[\"registry.terraform.io/hashicorp/aws\"]",
      "instances": [
        {
          "schema_version": 0,
          "attributes": {
            "gateway_id": "",
            "id": "rtbassoc-037ddceff80c7f204",
            "route_table_id": "rtb-0514f1a4eece6155f",
            "subnet_id": "subnet-0849db50538380d37",
            "timeouts": null
          },
          "sensitive_attributes": [],
          "private": "eyJlMmJmYjczMC1lY2FhLTExZTYtOGY4OC0zNDM2M2JjN2M0YzAiOnsiY3JlYXRlIjozMDAwMDAwMDAwMDAsImRlbGV0ZSI6MzAwMDAwMDAwMDAwLCJ1cGRhdGUiOjEyMDAwMDAwMDAwMH19",
          "dependencies": [
            "aws_route_table.clixx-app-rtpriv",
            "aws_subnet.clixx-priv6-javaDB2",
            "aws_vpc.clixx-app-vpc"
          ]
        }
      ]
    },
    {
      "mode": "managed",
      "type": "aws_route_table_association",
      "name": "privsub7",
      "provider": "provider[\"registry.terraform.io/hashicorp/aws\"]",
      "instances": [
        {
          "schema_version": 0,
          "attributes": {
            "gateway_id": "",
            "id": "rtbassoc-0a68eb619154f459f",
            "route_table_id": "rtb-0514f1a4eece6155f",
            "subnet_id": "subnet-0534cda91f3ed2947",
            "timeouts": null
          },
          "sensitive_attributes": [],
          "private": "eyJlMmJmYjczMC1lY2FhLTExZTYtOGY4OC0zNDM2M2JjN2M0YzAiOnsiY3JlYXRlIjozMDAwMDAwMDAwMDAsImRlbGV0ZSI6MzAwMDAwMDAwMDAwLCJ1cGRhdGUiOjEyMDAwMDAwMDAwMH19",
          "dependencies": [
            "aws_route_table.clixx-app-rtpriv",
            "aws_subnet.clixx-priv7-javaserv1",
            "aws_vpc.clixx-app-vpc"
          ]
        }
      ]
    },
    {
      "mode": "managed",
      "type": "aws_route_table_association",
      "name": "privsub8",
      "provider": "provider[\"registry.terraform.io/hashicorp/aws\"]",
      "instances": [
        {
          "schema_version": 0,
          "attributes": {
            "gateway_id": "",
            "id": "rtbassoc-006cfda19cd4780fe",
            "route_table_id": "rtb-0514f1a4eece6155f",
            "subnet_id": "subnet-0cb8e51ae8a517158",
            "timeouts": null
          },
          "sensitive_attributes": [],
          "private": "eyJlMmJmYjczMC1lY2FhLTExZTYtOGY4OC0zNDM2M2JjN2M0YzAiOnsiY3JlYXRlIjozMDAwMDAwMDAwMDAsImRlbGV0ZSI6MzAwMDAwMDAwMDAwLCJ1cGRhdGUiOjEyMDAwMDAwMDAwMH19",
          "dependencies": [
            "aws_route_table.clixx-app-rtpriv",
            "aws_subnet.clixx-priv8-javaserv2",
            "aws_vpc.clixx-app-vpc"
          ]
        }
      ]
    },
    {
      "mode": "managed",
      "type": "aws_route_table_association",
      "name": "privsub9",
      "provider": "provider[\"registry.terraform.io/hashicorp/aws\"]",
      "instances": [
        {
          "schema_version": 0,
          "attributes": {
            "gateway_id": "",
            "id": "rtbassoc-048805b642380b91e",
            "route_table_id": "rtb-0514f1a4eece6155f",
            "subnet_id": "subnet-0ee51d1e163657bcf",
            "timeouts": null
          },
          "sensitive_attributes": [],
          "private": "eyJlMmJmYjczMC1lY2FhLTExZTYtOGY4OC0zNDM2M2JjN2M0YzAiOnsiY3JlYXRlIjozMDAwMDAwMDAwMDAsImRlbGV0ZSI6MzAwMDAwMDAwMDAwLCJ1cGRhdGUiOjEyMDAwMDAwMDAwMH19",
          "dependencies": [
            "aws_route_table.clixx-app-rtpriv",
            "aws_subnet.clixx-priv9-oracleDB1",
            "aws_vpc.clixx-app-vpc"
          ]
        }
      ]
    },
    {
      "mode": "managed",
      "type": "aws_security_group",
      "name": "clixx-app-loadbalancer",
      "provider": "provider[\"registry.terraform.io/hashicorp/aws\"]",
      "instances": [
        {
          "schema_version": 1,
          "attributes": {
            "arn": "arn:aws:ec2:us-east-1:541478845275:security-group/sg-0fee34b84aa1f5e75",
            "description": "Load Balancer Security Group For CliXX App",
            "egress": [
              {
                "cidr_blocks": [],
                "description": "",
                "from_port": 2049,
                "ipv6_cidr_blocks": [],
                "prefix_list_ids": [],
                "protocol": "tcp",
                "security_groups": [
                  "sg-0fece22475cd9e5c9"
                ],
                "self": false,
                "to_port": 2049
              },
              {
                "cidr_blocks": [],
                "description": "",
                "from_port": 443,
                "ipv6_cidr_blocks": [],
                "prefix_list_ids": [],
                "protocol": "tcp",
                "security_groups": [
                  "sg-0fece22475cd9e5c9"
                ],
                "self": false,
                "to_port": 443
              },
              {
                "cidr_blocks": [],
                "description": "",
                "from_port": 80,
                "ipv6_cidr_blocks": [],
                "prefix_list_ids": [],
                "protocol": "tcp",
                "security_groups": [
                  "sg-0fece22475cd9e5c9"
                ],
                "self": false,
                "to_port": 80
              }
            ],
            "id": "sg-0fee34b84aa1f5e75",
            "ingress": [
              {
                "cidr_blocks": [
                  "0.0.0.0/0"
                ],
                "description": "",
                "from_port": 443,
                "ipv6_cidr_blocks": [],
                "prefix_list_ids": [],
                "protocol": "tcp",
                "security_groups": [],
                "self": false,
                "to_port": 443
              },
              {
                "cidr_blocks": [
                  "0.0.0.0/0"
                ],
                "description": "",
                "from_port": 80,
                "ipv6_cidr_blocks": [],
                "prefix_list_ids": [],
                "protocol": "tcp",
                "security_groups": [],
                "self": false,
                "to_port": 80
              }
            ],
            "name": "Clixx app load balancer",
            "name_prefix": "",
            "owner_id": "541478845275",
            "revoke_rules_on_delete": false,
            "tags": {
              "Name": "clixx-app-loadbalancer"
            },
            "tags_all": {
              "Name": "clixx-app-loadbalancer"
            },
            "timeouts": null,
            "vpc_id": "vpc-0e7beb62792888e21"
          },
          "sensitive_attributes": [],
          "private": "eyJlMmJmYjczMC1lY2FhLTExZTYtOGY4OC0zNDM2M2JjN2M0YzAiOnsiY3JlYXRlIjo2MDAwMDAwMDAwMDAsImRlbGV0ZSI6OTAwMDAwMDAwMDAwfSwic2NoZW1hX3ZlcnNpb24iOiIxIn0=",
          "dependencies": [
            "aws_vpc.clixx-app-vpc"
          ]
        }
      ]
    },
    {
      "mode": "managed",
      "type": "aws_security_group",
      "name": "clixx-app-mysql",
      "provider": "provider[\"registry.terraform.io/hashicorp/aws\"]",
      "instances": [
        {
          "schema_version": 1,
          "attributes": {
            "arn": "arn:aws:ec2:us-east-1:541478845275:security-group/sg-08bb0c7c261b789b0",
            "description": "MySql Security Group For CliXX App",
            "egress": [],
            "id": "sg-08bb0c7c261b789b0",
            "ingress": [
              {
                "cidr_blocks": [],
                "description": "",
                "from_port": 3306,
                "ipv6_cidr_blocks": [],
                "prefix_list_ids": [],
                "protocol": "tcp",
                "security_groups": [
                  "sg-0fd3bd02ce731bf87",
                  "sg-0fece22475cd9e5c9"
                ],
                "self": false,
                "to_port": 3306
              }
            ],
            "name": "Clixx app mysql",
            "name_prefix": "",
            "owner_id": "541478845275",
            "revoke_rules_on_delete": false,
            "tags": {
              "Name": "Clixx app mysql"
            },
            "tags_all": {
              "Name": "Clixx app mysql"
            },
            "timeouts": null,
            "vpc_id": "vpc-0e7beb62792888e21"
          },
          "sensitive_attributes": [],
          "private": "eyJlMmJmYjczMC1lY2FhLTExZTYtOGY4OC0zNDM2M2JjN2M0YzAiOnsiY3JlYXRlIjo2MDAwMDAwMDAwMDAsImRlbGV0ZSI6OTAwMDAwMDAwMDAwfSwic2NoZW1hX3ZlcnNpb24iOiIxIn0=",
          "dependencies": [
            "aws_vpc.clixx-app-vpc"
          ]
        }
      ]
    },
    {
      "mode": "managed",
      "type": "aws_security_group",
      "name": "clixx-app-server",
      "provider": "provider[\"registry.terraform.io/hashicorp/aws\"]",
      "instances": [
        {
          "schema_version": 1,
          "attributes": {
            "arn": "arn:aws:ec2:us-east-1:541478845275:security-group/sg-0fece22475cd9e5c9",
            "description": "App Server Security Group For CliXX App",
            "egress": [
              {
                "cidr_blocks": [
                  "0.0.0.0/0"
                ],
                "description": "",
                "from_port": 0,
                "ipv6_cidr_blocks": [],
                "prefix_list_ids": [],
                "protocol": "-1",
                "security_groups": [],
                "self": false,
                "to_port": 0
              }
            ],
            "id": "sg-0fece22475cd9e5c9",
            "ingress": [
              {
                "cidr_blocks": [],
                "description": "",
                "from_port": 2049,
                "ipv6_cidr_blocks": [],
                "prefix_list_ids": [],
                "protocol": "tcp",
                "security_groups": [
                  "sg-0fee34b84aa1f5e75"
                ],
                "self": false,
                "to_port": 2049
              },
              {
                "cidr_blocks": [],
                "description": "",
                "from_port": 22,
                "ipv6_cidr_blocks": [],
                "prefix_list_ids": [],
                "protocol": "tcp",
                "security_groups": [
                  "sg-0fd3bd02ce731bf87"
                ],
                "self": false,
                "to_port": 22
              },
              {
                "cidr_blocks": [],
                "description": "",
                "from_port": 443,
                "ipv6_cidr_blocks": [],
                "prefix_list_ids": [],
                "protocol": "tcp",
                "security_groups": [
                  "sg-0fee34b84aa1f5e75"
                ],
                "self": false,
                "to_port": 443
              },
              {
                "cidr_blocks": [],
                "description": "",
                "from_port": 80,
                "ipv6_cidr_blocks": [],
                "prefix_list_ids": [],
                "protocol": "tcp",
                "security_groups": [
                  "sg-0fee34b84aa1f5e75"
                ],
                "self": false,
                "to_port": 80
              }
            ],
            "name": "Clixx app server",
            "name_prefix": "",
            "owner_id": "541478845275",
            "revoke_rules_on_delete": false,
            "tags": {
              "Name": "clixx-app-server"
            },
            "tags_all": {
              "Name": "clixx-app-server"
            },
            "timeouts": null,
            "vpc_id": "vpc-0e7beb62792888e21"
          },
          "sensitive_attributes": [],
          "private": "eyJlMmJmYjczMC1lY2FhLTExZTYtOGY4OC0zNDM2M2JjN2M0YzAiOnsiY3JlYXRlIjo2MDAwMDAwMDAwMDAsImRlbGV0ZSI6OTAwMDAwMDAwMDAwfSwic2NoZW1hX3ZlcnNpb24iOiIxIn0=",
          "dependencies": [
            "aws_vpc.clixx-app-vpc"
          ]
        }
      ]
    },
    {
      "mode": "managed",
      "type": "aws_security_group",
      "name": "clixx-bastion-server",
      "provider": "provider[\"registry.terraform.io/hashicorp/aws\"]",
      "instances": [
        {
          "schema_version": 1,
          "attributes": {
            "arn": "arn:aws:ec2:us-east-1:541478845275:security-group/sg-0fd3bd02ce731bf87",
            "description": "Bastion Server Security Group For CliXX App",
            "egress": [
              {
                "cidr_blocks": [
                  "0.0.0.0/0"
                ],
                "description": "",
                "from_port": 443,
                "ipv6_cidr_blocks": [],
                "prefix_list_ids": [],
                "protocol": "tcp",
                "security_groups": [],
                "self": false,
                "to_port": 443
              },
              {
                "cidr_blocks": [
                  "0.0.0.0/0"
                ],
                "description": "",
                "from_port": 80,
                "ipv6_cidr_blocks": [],
                "prefix_list_ids": [],
                "protocol": "tcp",
                "security_groups": [],
                "self": false,
                "to_port": 80
              },
              {
                "cidr_blocks": [],
                "description": "",
                "from_port": 22,
                "ipv6_cidr_blocks": [],
                "prefix_list_ids": [],
                "protocol": "tcp",
                "security_groups": [
                  "sg-0fece22475cd9e5c9"
                ],
                "self": false,
                "to_port": 22
              },
              {
                "cidr_blocks": [],
                "description": "",
                "from_port": 3306,
                "ipv6_cidr_blocks": [],
                "prefix_list_ids": [],
                "protocol": "tcp",
                "security_groups": [
                  "sg-08bb0c7c261b789b0"
                ],
                "self": false,
                "to_port": 3306
              }
            ],
            "id": "sg-0fd3bd02ce731bf87",
            "ingress": [
              {
                "cidr_blocks": [
                  "0.0.0.0/0"
                ],
                "description": "",
                "from_port": 22,
                "ipv6_cidr_blocks": [],
                "prefix_list_ids": [],
                "protocol": "tcp",
                "security_groups": [],
                "self": false,
                "to_port": 22
              }
            ],
            "name": "Clixx bastion server",
            "name_prefix": "",
            "owner_id": "541478845275",
            "revoke_rules_on_delete": false,
            "tags": {
              "Name": "clixx-bastion-server"
            },
            "tags_all": {
              "Name": "clixx-bastion-server"
            },
            "timeouts": null,
            "vpc_id": "vpc-0e7beb62792888e21"
          },
          "sensitive_attributes": [],
          "private": "eyJlMmJmYjczMC1lY2FhLTExZTYtOGY4OC0zNDM2M2JjN2M0YzAiOnsiY3JlYXRlIjo2MDAwMDAwMDAwMDAsImRlbGV0ZSI6OTAwMDAwMDAwMDAwfSwic2NoZW1hX3ZlcnNpb24iOiIxIn0=",
          "dependencies": [
            "aws_vpc.clixx-app-vpc"
          ]
        }
      ]
    },
    {
      "mode": "managed",
      "type": "aws_security_group_rule",
      "name": "app_server_egress_all",
      "provider": "provider[\"registry.terraform.io/hashicorp/aws\"]",
      "instances": [
        {
          "schema_version": 2,
          "attributes": {
            "cidr_blocks": [
              "0.0.0.0/0"
            ],
            "description": "",
            "from_port": 0,
            "id": "sgrule-2393521124",
            "ipv6_cidr_blocks": null,
            "prefix_list_ids": null,
            "protocol": "-1",
            "security_group_id": "sg-0fece22475cd9e5c9",
            "security_group_rule_id": "sgr-01d9cc288816a6539",
            "self": false,
            "source_security_group_id": null,
            "timeouts": null,
            "to_port": 0,
            "type": "egress"
          },
          "sensitive_attributes": [],
          "private": "eyJlMmJmYjczMC1lY2FhLTExZTYtOGY4OC0zNDM2M2JjN2M0YzAiOnsiY3JlYXRlIjozMDAwMDAwMDAwMDB9LCJzY2hlbWFfdmVyc2lvbiI6IjIifQ==",
          "dependencies": [
            "aws_security_group.clixx-app-server",
            "aws_vpc.clixx-app-vpc"
          ]
        }
      ]
    },
    {
      "mode": "managed",
      "type": "aws_security_group_rule",
      "name": "app_server_ingress_2049",
      "provider": "provider[\"registry.terraform.io/hashicorp/aws\"]",
      "instances": [
        {
          "schema_version": 2,
          "attributes": {
            "cidr_blocks": null,
            "description": "",
            "from_port": 2049,
            "id": "sgrule-1793082022",
            "ipv6_cidr_blocks": null,
            "prefix_list_ids": null,
            "protocol": "tcp",
            "security_group_id": "sg-0fece22475cd9e5c9",
            "security_group_rule_id": "sgr-02199e219165a0ece",
            "self": false,
            "source_security_group_id": "sg-0fee34b84aa1f5e75",
            "timeouts": null,
            "to_port": 2049,
            "type": "ingress"
          },
          "sensitive_attributes": [],
          "private": "eyJlMmJmYjczMC1lY2FhLTExZTYtOGY4OC0zNDM2M2JjN2M0YzAiOnsiY3JlYXRlIjozMDAwMDAwMDAwMDB9LCJzY2hlbWFfdmVyc2lvbiI6IjIifQ==",
          "dependencies": [
            "aws_security_group.clixx-app-loadbalancer",
            "aws_security_group.clixx-app-server",
            "aws_vpc.clixx-app-vpc"
          ]
        }
      ]
    },
    {
      "mode": "managed",
      "type": "aws_security_group_rule",
      "name": "app_server_ingress_22",
      "provider": "provider[\"registry.terraform.io/hashicorp/aws\"]",
      "instances": [
        {
          "schema_version": 2,
          "attributes": {
            "cidr_blocks": null,
            "description": "",
            "from_port": 22,
            "id": "sgrule-3320936460",
            "ipv6_cidr_blocks": null,
            "prefix_list_ids": null,
            "protocol": "tcp",
            "security_group_id": "sg-0fece22475cd9e5c9",
            "security_group_rule_id": "sgr-0753cdba6d29a1c28",
            "self": false,
            "source_security_group_id": "sg-0fd3bd02ce731bf87",
            "timeouts": null,
            "to_port": 22,
            "type": "ingress"
          },
          "sensitive_attributes": [],
          "private": "eyJlMmJmYjczMC1lY2FhLTExZTYtOGY4OC0zNDM2M2JjN2M0YzAiOnsiY3JlYXRlIjozMDAwMDAwMDAwMDB9LCJzY2hlbWFfdmVyc2lvbiI6IjIifQ==",
          "dependencies": [
            "aws_security_group.clixx-app-server",
            "aws_security_group.clixx-bastion-server",
            "aws_vpc.clixx-app-vpc"
          ]
        }
      ]
    },
    {
      "mode": "managed",
      "type": "aws_security_group_rule",
      "name": "app_server_ingress_443",
      "provider": "provider[\"registry.terraform.io/hashicorp/aws\"]",
      "instances": [
        {
          "schema_version": 2,
          "attributes": {
            "cidr_blocks": null,
            "description": "",
            "from_port": 443,
            "id": "sgrule-1481503327",
            "ipv6_cidr_blocks": null,
            "prefix_list_ids": null,
            "protocol": "tcp",
            "security_group_id": "sg-0fece22475cd9e5c9",
            "security_group_rule_id": "sgr-060891b514de61e95",
            "self": false,
            "source_security_group_id": "sg-0fee34b84aa1f5e75",
            "timeouts": null,
            "to_port": 443,
            "type": "ingress"
          },
          "sensitive_attributes": [],
          "private": "eyJlMmJmYjczMC1lY2FhLTExZTYtOGY4OC0zNDM2M2JjN2M0YzAiOnsiY3JlYXRlIjozMDAwMDAwMDAwMDB9LCJzY2hlbWFfdmVyc2lvbiI6IjIifQ==",
          "dependencies": [
            "aws_security_group.clixx-app-loadbalancer",
            "aws_security_group.clixx-app-server",
            "aws_vpc.clixx-app-vpc"
          ]
        }
      ]
    },
    {
      "mode": "managed",
      "type": "aws_security_group_rule",
      "name": "app_server_ingress_80",
      "provider": "provider[\"registry.terraform.io/hashicorp/aws\"]",
      "instances": [
        {
          "schema_version": 2,
          "attributes": {
            "cidr_blocks": null,
            "description": "",
            "from_port": 80,
            "id": "sgrule-798233625",
            "ipv6_cidr_blocks": null,
            "prefix_list_ids": null,
            "protocol": "tcp",
            "security_group_id": "sg-0fece22475cd9e5c9",
            "security_group_rule_id": "sgr-0c87a08a7f3cedfea",
            "self": false,
            "source_security_group_id": "sg-0fee34b84aa1f5e75",
            "timeouts": null,
            "to_port": 80,
            "type": "ingress"
          },
          "sensitive_attributes": [],
          "private": "eyJlMmJmYjczMC1lY2FhLTExZTYtOGY4OC0zNDM2M2JjN2M0YzAiOnsiY3JlYXRlIjozMDAwMDAwMDAwMDB9LCJzY2hlbWFfdmVyc2lvbiI6IjIifQ==",
          "dependencies": [
            "aws_security_group.clixx-app-loadbalancer",
            "aws_security_group.clixx-app-server",
            "aws_vpc.clixx-app-vpc"
          ]
        }
      ]
    },
    {
      "mode": "managed",
      "type": "aws_security_group_rule",
      "name": "bastion_server_egress_22",
      "provider": "provider[\"registry.terraform.io/hashicorp/aws\"]",
      "instances": [
        {
          "schema_version": 2,
          "attributes": {
            "cidr_blocks": null,
            "description": "",
            "from_port": 22,
            "id": "sgrule-3040464440",
            "ipv6_cidr_blocks": null,
            "prefix_list_ids": null,
            "protocol": "tcp",
            "security_group_id": "sg-0fd3bd02ce731bf87",
            "security_group_rule_id": "sgr-0996cf32c7253bbec",
            "self": false,
            "source_security_group_id": "sg-0fece22475cd9e5c9",
            "timeouts": null,
            "to_port": 22,
            "type": "egress"
          },
          "sensitive_attributes": [],
          "private": "eyJlMmJmYjczMC1lY2FhLTExZTYtOGY4OC0zNDM2M2JjN2M0YzAiOnsiY3JlYXRlIjozMDAwMDAwMDAwMDB9LCJzY2hlbWFfdmVyc2lvbiI6IjIifQ==",
          "dependencies": [
            "aws_security_group.clixx-app-server",
            "aws_security_group.clixx-bastion-server",
            "aws_vpc.clixx-app-vpc"
          ]
        }
      ]
    },
    {
      "mode": "managed",
      "type": "aws_security_group_rule",
      "name": "bastion_server_egress_443",
      "provider": "provider[\"registry.terraform.io/hashicorp/aws\"]",
      "instances": [
        {
          "schema_version": 2,
          "attributes": {
            "cidr_blocks": [
              "0.0.0.0/0"
            ],
            "description": "",
            "from_port": 443,
            "id": "sgrule-1933001622",
            "ipv6_cidr_blocks": null,
            "prefix_list_ids": null,
            "protocol": "tcp",
            "security_group_id": "sg-0fd3bd02ce731bf87",
            "security_group_rule_id": "sgr-09f22b7162488deee",
            "self": false,
            "source_security_group_id": null,
            "timeouts": null,
            "to_port": 443,
            "type": "egress"
          },
          "sensitive_attributes": [],
          "private": "eyJlMmJmYjczMC1lY2FhLTExZTYtOGY4OC0zNDM2M2JjN2M0YzAiOnsiY3JlYXRlIjozMDAwMDAwMDAwMDB9LCJzY2hlbWFfdmVyc2lvbiI6IjIifQ==",
          "dependencies": [
            "aws_security_group.clixx-bastion-server",
            "aws_vpc.clixx-app-vpc"
          ]
        }
      ]
    },
    {
      "mode": "managed",
      "type": "aws_security_group_rule",
      "name": "bastion_server_egress_80",
      "provider": "provider[\"registry.terraform.io/hashicorp/aws\"]",
      "instances": [
        {
          "schema_version": 2,
          "attributes": {
            "cidr_blocks": [
              "0.0.0.0/0"
            ],
            "description": "",
            "from_port": 80,
            "id": "sgrule-1939793769",
            "ipv6_cidr_blocks": null,
            "prefix_list_ids": null,
            "protocol": "tcp",
            "security_group_id": "sg-0fd3bd02ce731bf87",
            "security_group_rule_id": "sgr-093bf491d25a09fbe",
            "self": false,
            "source_security_group_id": null,
            "timeouts": null,
            "to_port": 80,
            "type": "egress"
          },
          "sensitive_attributes": [],
          "private": "eyJlMmJmYjczMC1lY2FhLTExZTYtOGY4OC0zNDM2M2JjN2M0YzAiOnsiY3JlYXRlIjozMDAwMDAwMDAwMDB9LCJzY2hlbWFfdmVyc2lvbiI6IjIifQ==",
          "dependencies": [
            "aws_security_group.clixx-bastion-server",
            "aws_vpc.clixx-app-vpc"
          ]
        }
      ]
    },
    {
      "mode": "managed",
      "type": "aws_security_group_rule",
      "name": "bastion_server_egress_mysql",
      "provider": "provider[\"registry.terraform.io/hashicorp/aws\"]",
      "instances": [
        {
          "schema_version": 2,
          "attributes": {
            "cidr_blocks": null,
            "description": "",
            "from_port": 3306,
            "id": "sgrule-4180314698",
            "ipv6_cidr_blocks": null,
            "prefix_list_ids": null,
            "protocol": "tcp",
            "security_group_id": "sg-0fd3bd02ce731bf87",
            "security_group_rule_id": "sgr-0da7319b74177705e",
            "self": false,
            "source_security_group_id": "sg-08bb0c7c261b789b0",
            "timeouts": null,
            "to_port": 3306,
            "type": "egress"
          },
          "sensitive_attributes": [],
          "private": "eyJlMmJmYjczMC1lY2FhLTExZTYtOGY4OC0zNDM2M2JjN2M0YzAiOnsiY3JlYXRlIjozMDAwMDAwMDAwMDB9LCJzY2hlbWFfdmVyc2lvbiI6IjIifQ==",
          "dependencies": [
            "aws_security_group.clixx-app-mysql",
            "aws_security_group.clixx-bastion-server",
            "aws_vpc.clixx-app-vpc"
          ]
        }
      ]
    },
    {
      "mode": "managed",
      "type": "aws_security_group_rule",
      "name": "bastion_server_ingress_22",
      "provider": "provider[\"registry.terraform.io/hashicorp/aws\"]",
      "instances": [
        {
          "schema_version": 2,
          "attributes": {
            "cidr_blocks": [
              "0.0.0.0/0"
            ],
            "description": "",
            "from_port": 22,
            "id": "sgrule-9779706",
            "ipv6_cidr_blocks": null,
            "prefix_list_ids": null,
            "protocol": "tcp",
            "security_group_id": "sg-0fd3bd02ce731bf87",
            "security_group_rule_id": "sgr-0ee2429373ce22af9",
            "self": false,
            "source_security_group_id": null,
            "timeouts": null,
            "to_port": 22,
            "type": "ingress"
          },
          "sensitive_attributes": [],
          "private": "eyJlMmJmYjczMC1lY2FhLTExZTYtOGY4OC0zNDM2M2JjN2M0YzAiOnsiY3JlYXRlIjozMDAwMDAwMDAwMDB9LCJzY2hlbWFfdmVyc2lvbiI6IjIifQ==",
          "dependencies": [
            "aws_security_group.clixx-bastion-server",
            "aws_vpc.clixx-app-vpc"
          ]
        }
      ]
    },
    {
      "mode": "managed",
      "type": "aws_security_group_rule",
      "name": "loadbalancer_egress_2049",
      "provider": "provider[\"registry.terraform.io/hashicorp/aws\"]",
      "instances": [
        {
          "schema_version": 2,
          "attributes": {
            "cidr_blocks": null,
            "description": "",
            "from_port": 2049,
            "id": "sgrule-959579334",
            "ipv6_cidr_blocks": null,
            "prefix_list_ids": null,
            "protocol": "tcp",
            "security_group_id": "sg-0fee34b84aa1f5e75",
            "security_group_rule_id": "sgr-05a482fc4ffc5c6f5",
            "self": false,
            "source_security_group_id": "sg-0fece22475cd9e5c9",
            "timeouts": null,
            "to_port": 2049,
            "type": "egress"
          },
          "sensitive_attributes": [],
          "private": "eyJlMmJmYjczMC1lY2FhLTExZTYtOGY4OC0zNDM2M2JjN2M0YzAiOnsiY3JlYXRlIjozMDAwMDAwMDAwMDB9LCJzY2hlbWFfdmVyc2lvbiI6IjIifQ==",
          "dependencies": [
            "aws_security_group.clixx-app-loadbalancer",
            "aws_security_group.clixx-app-server",
            "aws_vpc.clixx-app-vpc"
          ]
        }
      ]
    },
    {
      "mode": "managed",
      "type": "aws_security_group_rule",
      "name": "loadbalancer_egress_443",
      "provider": "provider[\"registry.terraform.io/hashicorp/aws\"]",
      "instances": [
        {
          "schema_version": 2,
          "attributes": {
            "cidr_blocks": null,
            "description": "",
            "from_port": 443,
            "id": "sgrule-1336422692",
            "ipv6_cidr_blocks": null,
            "prefix_list_ids": null,
            "protocol": "tcp",
            "security_group_id": "sg-0fee34b84aa1f5e75",
            "security_group_rule_id": "sgr-041af96eefe23e197",
            "self": false,
            "source_security_group_id": "sg-0fece22475cd9e5c9",
            "timeouts": null,
            "to_port": 443,
            "type": "egress"
          },
          "sensitive_attributes": [],
          "private": "eyJlMmJmYjczMC1lY2FhLTExZTYtOGY4OC0zNDM2M2JjN2M0YzAiOnsiY3JlYXRlIjozMDAwMDAwMDAwMDB9LCJzY2hlbWFfdmVyc2lvbiI6IjIifQ==",
          "dependencies": [
            "aws_security_group.clixx-app-loadbalancer",
            "aws_security_group.clixx-app-server",
            "aws_vpc.clixx-app-vpc"
          ]
        }
      ]
    },
    {
      "mode": "managed",
      "type": "aws_security_group_rule",
      "name": "loadbalancer_egress_80",
      "provider": "provider[\"registry.terraform.io/hashicorp/aws\"]",
      "instances": [
        {
          "schema_version": 2,
          "attributes": {
            "cidr_blocks": null,
            "description": "",
            "from_port": 80,
            "id": "sgrule-1395599285",
            "ipv6_cidr_blocks": null,
            "prefix_list_ids": null,
            "protocol": "tcp",
            "security_group_id": "sg-0fee34b84aa1f5e75",
            "security_group_rule_id": "sgr-0b1900c2da075ec91",
            "self": false,
            "source_security_group_id": "sg-0fece22475cd9e5c9",
            "timeouts": null,
            "to_port": 80,
            "type": "egress"
          },
          "sensitive_attributes": [],
          "private": "eyJlMmJmYjczMC1lY2FhLTExZTYtOGY4OC0zNDM2M2JjN2M0YzAiOnsiY3JlYXRlIjozMDAwMDAwMDAwMDB9LCJzY2hlbWFfdmVyc2lvbiI6IjIifQ==",
          "dependencies": [
            "aws_security_group.clixx-app-loadbalancer",
            "aws_security_group.clixx-app-server",
            "aws_vpc.clixx-app-vpc"
          ]
        }
      ]
    },
    {
      "mode": "managed",
      "type": "aws_security_group_rule",
      "name": "loadbalancer_ingress_443",
      "provider": "provider[\"registry.terraform.io/hashicorp/aws\"]",
      "instances": [
        {
          "schema_version": 2,
          "attributes": {
            "cidr_blocks": [
              "0.0.0.0/0"
            ],
            "description": "",
            "from_port": 443,
            "id": "sgrule-4280070599",
            "ipv6_cidr_blocks": null,
            "prefix_list_ids": null,
            "protocol": "tcp",
            "security_group_id": "sg-0fee34b84aa1f5e75",
            "security_group_rule_id": "sgr-01bdd3c03fda24c82",
            "self": false,
            "source_security_group_id": null,
            "timeouts": null,
            "to_port": 443,
            "type": "ingress"
          },
          "sensitive_attributes": [],
          "private": "eyJlMmJmYjczMC1lY2FhLTExZTYtOGY4OC0zNDM2M2JjN2M0YzAiOnsiY3JlYXRlIjozMDAwMDAwMDAwMDB9LCJzY2hlbWFfdmVyc2lvbiI6IjIifQ==",
          "dependencies": [
            "aws_security_group.clixx-app-loadbalancer",
            "aws_vpc.clixx-app-vpc"
          ]
        }
      ]
    },
    {
      "mode": "managed",
      "type": "aws_security_group_rule",
      "name": "loadbalancer_ingress_80",
      "provider": "provider[\"registry.terraform.io/hashicorp/aws\"]",
      "instances": [
        {
          "schema_version": 2,
          "attributes": {
            "cidr_blocks": [
              "0.0.0.0/0"
            ],
            "description": "",
            "from_port": 80,
            "id": "sgrule-1029607262",
            "ipv6_cidr_blocks": null,
            "prefix_list_ids": null,
            "protocol": "tcp",
            "security_group_id": "sg-0fee34b84aa1f5e75",
            "security_group_rule_id": "sgr-0281d6d74d6924625",
            "self": false,
            "source_security_group_id": null,
            "timeouts": null,
            "to_port": 80,
            "type": "ingress"
          },
          "sensitive_attributes": [],
          "private": "eyJlMmJmYjczMC1lY2FhLTExZTYtOGY4OC0zNDM2M2JjN2M0YzAiOnsiY3JlYXRlIjozMDAwMDAwMDAwMDB9LCJzY2hlbWFfdmVyc2lvbiI6IjIifQ==",
          "dependencies": [
            "aws_security_group.clixx-app-loadbalancer",
            "aws_vpc.clixx-app-vpc"
          ]
        }
      ]
    },
    {
      "mode": "managed",
      "type": "aws_security_group_rule",
      "name": "mysql_ingress_app_server",
      "provider": "provider[\"registry.terraform.io/hashicorp/aws\"]",
      "instances": [
        {
          "schema_version": 2,
          "attributes": {
            "cidr_blocks": null,
            "description": "",
            "from_port": 3306,
            "id": "sgrule-3199990543",
            "ipv6_cidr_blocks": null,
            "prefix_list_ids": null,
            "protocol": "tcp",
            "security_group_id": "sg-08bb0c7c261b789b0",
            "security_group_rule_id": "sgr-0cbf76e01a0f818e9",
            "self": false,
            "source_security_group_id": "sg-0fece22475cd9e5c9",
            "timeouts": null,
            "to_port": 3306,
            "type": "ingress"
          },
          "sensitive_attributes": [],
          "private": "eyJlMmJmYjczMC1lY2FhLTExZTYtOGY4OC0zNDM2M2JjN2M0YzAiOnsiY3JlYXRlIjozMDAwMDAwMDAwMDB9LCJzY2hlbWFfdmVyc2lvbiI6IjIifQ==",
          "dependencies": [
            "aws_security_group.clixx-app-mysql",
            "aws_security_group.clixx-app-server",
            "aws_vpc.clixx-app-vpc"
          ]
        }
      ]
    },
    {
      "mode": "managed",
      "type": "aws_security_group_rule",
      "name": "mysql_ingress_bastion",
      "provider": "provider[\"registry.terraform.io/hashicorp/aws\"]",
      "instances": [
        {
          "schema_version": 2,
          "attributes": {
            "cidr_blocks": null,
            "description": "",
            "from_port": 3306,
            "id": "sgrule-2080951188",
            "ipv6_cidr_blocks": null,
            "prefix_list_ids": null,
            "protocol": "tcp",
            "security_group_id": "sg-08bb0c7c261b789b0",
            "security_group_rule_id": "sgr-08c671e225b81cb35",
            "self": false,
            "source_security_group_id": "sg-0fd3bd02ce731bf87",
            "timeouts": null,
            "to_port": 3306,
            "type": "ingress"
          },
          "sensitive_attributes": [],
          "private": "eyJlMmJmYjczMC1lY2FhLTExZTYtOGY4OC0zNDM2M2JjN2M0YzAiOnsiY3JlYXRlIjozMDAwMDAwMDAwMDB9LCJzY2hlbWFfdmVyc2lvbiI6IjIifQ==",
          "dependencies": [
            "aws_security_group.clixx-app-mysql",
            "aws_security_group.clixx-bastion-server",
            "aws_vpc.clixx-app-vpc"
          ]
        }
      ]
    },
    {
      "mode": "managed",
      "type": "aws_sns_topic",
      "name": "test_notification",
      "provider": "provider[\"registry.terraform.io/hashicorp/aws\"]",
      "instances": [
        {
          "schema_version": 0,
          "attributes": {
            "application_failure_feedback_role_arn": "",
            "application_success_feedback_role_arn": "",
            "application_success_feedback_sample_rate": 0,
            "arn": "arn:aws:sns:us-east-1:541478845275:test_notification_topic",
            "content_based_deduplication": false,
            "delivery_policy": "",
            "display_name": "",
            "fifo_topic": false,
            "firehose_failure_feedback_role_arn": "",
            "firehose_success_feedback_role_arn": "",
            "firehose_success_feedback_sample_rate": 0,
            "http_failure_feedback_role_arn": "",
            "http_success_feedback_role_arn": "",
            "http_success_feedback_sample_rate": 0,
            "id": "arn:aws:sns:us-east-1:541478845275:test_notification_topic",
            "kms_master_key_id": "",
            "lambda_failure_feedback_role_arn": "",
            "lambda_success_feedback_role_arn": "",
            "lambda_success_feedback_sample_rate": 0,
            "name": "test_notification_topic",
            "name_prefix": "",
            "owner": "541478845275",
            "policy": "{\"Id\":\"__default_policy_ID\",\"Statement\":[{\"Action\":[\"SNS:GetTopicAttributes\",\"SNS:SetTopicAttributes\",\"SNS:AddPermission\",\"SNS:RemovePermission\",\"SNS:DeleteTopic\",\"SNS:Subscribe\",\"SNS:ListSubscriptionsByTopic\",\"SNS:Publish\"],\"Condition\":{\"StringEquals\":{\"AWS:SourceOwner\":\"541478845275\"}},\"Effect\":\"Allow\",\"Principal\":{\"AWS\":\"*\"},\"Resource\":\"arn:aws:sns:us-east-1:541478845275:test_notification_topic\",\"Sid\":\"__default_statement_ID\"}],\"Version\":\"2008-10-17\"}",
            "signature_version": 0,
            "sqs_failure_feedback_role_arn": "",
            "sqs_success_feedback_role_arn": "",
            "sqs_success_feedback_sample_rate": 0,
            "tags": {},
            "tags_all": {},
            "tracing_config": ""
          },
          "sensitive_attributes": [],
          "private": "bnVsbA=="
        }
      ]
    },
    {
      "mode": "managed",
      "type": "aws_sns_topic_subscription",
      "name": "email_subscription",
      "provider": "provider[\"registry.terraform.io/hashicorp/aws\"]",
      "instances": [
        {
          "schema_version": 0,
          "attributes": {
            "arn": "arn:aws:sns:us-east-1:541478845275:test_notification_topic:ef2fbed6-2fb9-4b71-a9eb-e3b8dc0a1bdd",
            "confirmation_timeout_in_minutes": 1,
            "confirmation_was_authenticated": false,
            "delivery_policy": "",
            "endpoint": "stackcloud10@mkitconsulting.net",
            "endpoint_auto_confirms": false,
            "filter_policy": "",
            "filter_policy_scope": "",
            "id": "arn:aws:sns:us-east-1:541478845275:test_notification_topic:ef2fbed6-2fb9-4b71-a9eb-e3b8dc0a1bdd",
            "owner_id": "541478845275",
            "pending_confirmation": true,
            "protocol": "email",
            "raw_message_delivery": false,
            "redrive_policy": "",
            "subscription_role_arn": "",
            "topic_arn": "arn:aws:sns:us-east-1:541478845275:test_notification_topic"
          },
          "sensitive_attributes": [],
          "private": "bnVsbA==",
          "dependencies": [
            "aws_sns_topic.test_notification"
          ]
        }
      ]
    },
    {
      "mode": "managed",
      "type": "aws_subnet",
      "name": "clixx-priv1-appserv1",
      "provider": "provider[\"registry.terraform.io/hashicorp/aws\"]",
      "instances": [
        {
          "schema_version": 1,
          "attributes": {
            "arn": "arn:aws:ec2:us-east-1:541478845275:subnet/subnet-0345a8c8eae188056",
            "assign_ipv6_address_on_creation": false,
            "availability_zone": "us-east-1a",
            "availability_zone_id": "use1-az4",
            "cidr_block": "10.0.3.0/24",
            "customer_owned_ipv4_pool": "",
            "enable_dns64": false,
            "enable_lni_at_device_index": 0,
            "enable_resource_name_dns_a_record_on_launch": false,
            "enable_resource_name_dns_aaaa_record_on_launch": false,
            "id": "subnet-0345a8c8eae188056",
            "ipv6_cidr_block": "",
            "ipv6_cidr_block_association_id": "",
            "ipv6_native": false,
            "map_customer_owned_ip_on_launch": false,
            "map_public_ip_on_launch": false,
            "outpost_arn": "",
            "owner_id": "541478845275",
            "private_dns_hostname_type_on_launch": "ip-name",
            "tags": {
              "Name": "Private_Subnet_Application_Server1"
            },
            "tags_all": {
              "Name": "Private_Subnet_Application_Server1"
            },
            "timeouts": null,
            "vpc_id": "vpc-0e7beb62792888e21"
          },
          "sensitive_attributes": [],
          "private": "eyJlMmJmYjczMC1lY2FhLTExZTYtOGY4OC0zNDM2M2JjN2M0YzAiOnsiY3JlYXRlIjo2MDAwMDAwMDAwMDAsImRlbGV0ZSI6MTIwMDAwMDAwMDAwMH0sInNjaGVtYV92ZXJzaW9uIjoiMSJ9",
          "dependencies": [
            "aws_vpc.clixx-app-vpc"
          ]
        }
      ]
    },
    {
      "mode": "managed",
      "type": "aws_subnet",
      "name": "clixx-priv10-oracleDB2",
      "provider": "provider[\"registry.terraform.io/hashicorp/aws\"]",
      "instances": [
        {
          "schema_version": 1,
          "attributes": {
            "arn": "arn:aws:ec2:us-east-1:541478845275:subnet/subnet-07d2fd167e6c6e28b",
            "assign_ipv6_address_on_creation": false,
            "availability_zone": "us-east-1b",
            "availability_zone_id": "use1-az6",
            "cidr_block": "10.0.16.0/24",
            "customer_owned_ipv4_pool": "",
            "enable_dns64": false,
            "enable_lni_at_device_index": 0,
            "enable_resource_name_dns_a_record_on_launch": false,
            "enable_resource_name_dns_aaaa_record_on_launch": false,
            "id": "subnet-07d2fd167e6c6e28b",
            "ipv6_cidr_block": "",
            "ipv6_cidr_block_association_id": "",
            "ipv6_native": false,
            "map_customer_owned_ip_on_launch": false,
            "map_public_ip_on_launch": false,
            "outpost_arn": "",
            "owner_id": "541478845275",
            "private_dns_hostname_type_on_launch": "ip-name",
            "tags": {
              "Name": "Private_Subnet_OracleDB-Clone"
            },
            "tags_all": {
              "Name": "Private_Subnet_OracleDB-Clone"
            },
            "timeouts": null,
            "vpc_id": "vpc-0e7beb62792888e21"
          },
          "sensitive_attributes": [],
          "private": "eyJlMmJmYjczMC1lY2FhLTExZTYtOGY4OC0zNDM2M2JjN2M0YzAiOnsiY3JlYXRlIjo2MDAwMDAwMDAwMDAsImRlbGV0ZSI6MTIwMDAwMDAwMDAwMH0sInNjaGVtYV92ZXJzaW9uIjoiMSJ9",
          "dependencies": [
            "aws_vpc.clixx-app-vpc"
          ]
        }
      ]
    },
    {
      "mode": "managed",
      "type": "aws_subnet",
      "name": "clixx-priv2-appserv2",
      "provider": "provider[\"registry.terraform.io/hashicorp/aws\"]",
      "instances": [
        {
          "schema_version": 1,
          "attributes": {
            "arn": "arn:aws:ec2:us-east-1:541478845275:subnet/subnet-0c0a7f99456be9184",
            "assign_ipv6_address_on_creation": false,
            "availability_zone": "us-east-1b",
            "availability_zone_id": "use1-az6",
            "cidr_block": "10.0.4.0/24",
            "customer_owned_ipv4_pool": "",
            "enable_dns64": false,
            "enable_lni_at_device_index": 0,
            "enable_resource_name_dns_a_record_on_launch": false,
            "enable_resource_name_dns_aaaa_record_on_launch": false,
            "id": "subnet-0c0a7f99456be9184",
            "ipv6_cidr_block": "",
            "ipv6_cidr_block_association_id": "",
            "ipv6_native": false,
            "map_customer_owned_ip_on_launch": false,
            "map_public_ip_on_launch": false,
            "outpost_arn": "",
            "owner_id": "541478845275",
            "private_dns_hostname_type_on_launch": "ip-name",
            "tags": {
              "Name": "Private_Subnet_Application_Server2"
            },
            "tags_all": {
              "Name": "Private_Subnet_Application_Server2"
            },
            "timeouts": null,
            "vpc_id": "vpc-0e7beb62792888e21"
          },
          "sensitive_attributes": [],
          "private": "eyJlMmJmYjczMC1lY2FhLTExZTYtOGY4OC0zNDM2M2JjN2M0YzAiOnsiY3JlYXRlIjo2MDAwMDAwMDAwMDAsImRlbGV0ZSI6MTIwMDAwMDAwMDAwMH0sInNjaGVtYV92ZXJzaW9uIjoiMSJ9",
          "dependencies": [
            "aws_vpc.clixx-app-vpc"
          ]
        }
      ]
    },
    {
      "mode": "managed",
      "type": "aws_subnet",
      "name": "clixx-priv3-appServ1",
      "provider": "provider[\"registry.terraform.io/hashicorp/aws\"]",
      "instances": [
        {
          "schema_version": 1,
          "attributes": {
            "arn": "arn:aws:ec2:us-east-1:541478845275:subnet/subnet-08b9d3f4149520fe2",
            "assign_ipv6_address_on_creation": false,
            "availability_zone": "us-east-1a",
            "availability_zone_id": "use1-az4",
            "cidr_block": "10.0.24.0/22",
            "customer_owned_ipv4_pool": "",
            "enable_dns64": false,
            "enable_lni_at_device_index": 0,
            "enable_resource_name_dns_a_record_on_launch": false,
            "enable_resource_name_dns_aaaa_record_on_launch": false,
            "id": "subnet-08b9d3f4149520fe2",
            "ipv6_cidr_block": "",
            "ipv6_cidr_block_association_id": "",
            "ipv6_native": false,
            "map_customer_owned_ip_on_launch": false,
            "map_public_ip_on_launch": false,
            "outpost_arn": "",
            "owner_id": "541478845275",
            "private_dns_hostname_type_on_launch": "ip-name",
            "tags": {
              "Name": "Private_Subnet_Application_DB1"
            },
            "tags_all": {
              "Name": "Private_Subnet_Application_DB1"
            },
            "timeouts": null,
            "vpc_id": "vpc-0e7beb62792888e21"
          },
          "sensitive_attributes": [],
          "private": "eyJlMmJmYjczMC1lY2FhLTExZTYtOGY4OC0zNDM2M2JjN2M0YzAiOnsiY3JlYXRlIjo2MDAwMDAwMDAwMDAsImRlbGV0ZSI6MTIwMDAwMDAwMDAwMH0sInNjaGVtYV92ZXJzaW9uIjoiMSJ9",
          "dependencies": [
            "aws_vpc.clixx-app-vpc"
          ]
        }
      ]
    },
    {
      "mode": "managed",
      "type": "aws_subnet",
      "name": "clixx-priv4-appServ2",
      "provider": "provider[\"registry.terraform.io/hashicorp/aws\"]",
      "instances": [
        {
          "schema_version": 1,
          "attributes": {
            "arn": "arn:aws:ec2:us-east-1:541478845275:subnet/subnet-0bec1176cc3b7a582",
            "assign_ipv6_address_on_creation": false,
            "availability_zone": "us-east-1b",
            "availability_zone_id": "use1-az6",
            "cidr_block": "10.0.28.0/22",
            "customer_owned_ipv4_pool": "",
            "enable_dns64": false,
            "enable_lni_at_device_index": 0,
            "enable_resource_name_dns_a_record_on_launch": false,
            "enable_resource_name_dns_aaaa_record_on_launch": false,
            "id": "subnet-0bec1176cc3b7a582",
            "ipv6_cidr_block": "",
            "ipv6_cidr_block_association_id": "",
            "ipv6_native": false,
            "map_customer_owned_ip_on_launch": false,
            "map_public_ip_on_launch": false,
            "outpost_arn": "",
            "owner_id": "541478845275",
            "private_dns_hostname_type_on_launch": "ip-name",
            "tags": {
              "Name": "Private_Subnet_Application_DB2"
            },
            "tags_all": {
              "Name": "Private_Subnet_Application_DB2"
            },
            "timeouts": null,
            "vpc_id": "vpc-0e7beb62792888e21"
          },
          "sensitive_attributes": [],
          "private": "eyJlMmJmYjczMC1lY2FhLTExZTYtOGY4OC0zNDM2M2JjN2M0YzAiOnsiY3JlYXRlIjo2MDAwMDAwMDAwMDAsImRlbGV0ZSI6MTIwMDAwMDAwMDAwMH0sInNjaGVtYV92ZXJzaW9uIjoiMSJ9",
          "dependencies": [
            "aws_vpc.clixx-app-vpc"
          ]
        }
      ]
    },
    {
      "mode": "managed",
      "type": "aws_subnet",
      "name": "clixx-priv5-javaDB1",
      "provider": "provider[\"registry.terraform.io/hashicorp/aws\"]",
      "instances": [
        {
          "schema_version": 1,
          "attributes": {
            "arn": "arn:aws:ec2:us-east-1:541478845275:subnet/subnet-0ddbc9bfa573d27db",
            "assign_ipv6_address_on_creation": false,
            "availability_zone": "us-east-1a",
            "availability_zone_id": "use1-az4",
            "cidr_block": "10.0.5.0/24",
            "customer_owned_ipv4_pool": "",
            "enable_dns64": false,
            "enable_lni_at_device_index": 0,
            "enable_resource_name_dns_a_record_on_launch": false,
            "enable_resource_name_dns_aaaa_record_on_launch": false,
            "id": "subnet-0ddbc9bfa573d27db",
            "ipv6_cidr_block": "",
            "ipv6_cidr_block_association_id": "",
            "ipv6_native": false,
            "map_customer_owned_ip_on_launch": false,
            "map_public_ip_on_launch": false,
            "outpost_arn": "",
            "owner_id": "541478845275",
            "private_dns_hostname_type_on_launch": "ip-name",
            "tags": {
              "Name": "Private_Subnet_Java_App_DB1"
            },
            "tags_all": {
              "Name": "Private_Subnet_Java_App_DB1"
            },
            "timeouts": null,
            "vpc_id": "vpc-0e7beb62792888e21"
          },
          "sensitive_attributes": [],
          "private": "eyJlMmJmYjczMC1lY2FhLTExZTYtOGY4OC0zNDM2M2JjN2M0YzAiOnsiY3JlYXRlIjo2MDAwMDAwMDAwMDAsImRlbGV0ZSI6MTIwMDAwMDAwMDAwMH0sInNjaGVtYV92ZXJzaW9uIjoiMSJ9",
          "dependencies": [
            "aws_vpc.clixx-app-vpc"
          ]
        }
      ]
    },
    {
      "mode": "managed",
      "type": "aws_subnet",
      "name": "clixx-priv6-javaDB2",
      "provider": "provider[\"registry.terraform.io/hashicorp/aws\"]",
      "instances": [
        {
          "schema_version": 1,
          "attributes": {
            "arn": "arn:aws:ec2:us-east-1:541478845275:subnet/subnet-0849db50538380d37",
            "assign_ipv6_address_on_creation": false,
            "availability_zone": "us-east-1b",
            "availability_zone_id": "use1-az6",
            "cidr_block": "10.0.6.0/24",
            "customer_owned_ipv4_pool": "",
            "enable_dns64": false,
            "enable_lni_at_device_index": 0,
            "enable_resource_name_dns_a_record_on_launch": false,
            "enable_resource_name_dns_aaaa_record_on_launch": false,
            "id": "subnet-0849db50538380d37",
            "ipv6_cidr_block": "",
            "ipv6_cidr_block_association_id": "",
            "ipv6_native": false,
            "map_customer_owned_ip_on_launch": false,
            "map_public_ip_on_launch": false,
            "outpost_arn": "",
            "owner_id": "541478845275",
            "private_dns_hostname_type_on_launch": "ip-name",
            "tags": {
              "Name": "Private_Subnet_Java_App_DB2"
            },
            "tags_all": {
              "Name": "Private_Subnet_Java_App_DB2"
            },
            "timeouts": null,
            "vpc_id": "vpc-0e7beb62792888e21"
          },
          "sensitive_attributes": [],
          "private": "eyJlMmJmYjczMC1lY2FhLTExZTYtOGY4OC0zNDM2M2JjN2M0YzAiOnsiY3JlYXRlIjo2MDAwMDAwMDAwMDAsImRlbGV0ZSI6MTIwMDAwMDAwMDAwMH0sInNjaGVtYV92ZXJzaW9uIjoiMSJ9",
          "dependencies": [
            "aws_vpc.clixx-app-vpc"
          ]
        }
      ]
    },
    {
      "mode": "managed",
      "type": "aws_subnet",
      "name": "clixx-priv7-javaserv1",
      "provider": "provider[\"registry.terraform.io/hashicorp/aws\"]",
      "instances": [
        {
          "schema_version": 1,
          "attributes": {
            "arn": "arn:aws:ec2:us-east-1:541478845275:subnet/subnet-0534cda91f3ed2947",
            "assign_ipv6_address_on_creation": false,
            "availability_zone": "us-east-1a",
            "availability_zone_id": "use1-az4",
            "cidr_block": "10.0.7.0/24",
            "customer_owned_ipv4_pool": "",
            "enable_dns64": false,
            "enable_lni_at_device_index": 0,
            "enable_resource_name_dns_a_record_on_launch": false,
            "enable_resource_name_dns_aaaa_record_on_launch": false,
            "id": "subnet-0534cda91f3ed2947",
            "ipv6_cidr_block": "",
            "ipv6_cidr_block_association_id": "",
            "ipv6_native": false,
            "map_customer_owned_ip_on_launch": false,
            "map_public_ip_on_launch": false,
            "outpost_arn": "",
            "owner_id": "541478845275",
            "private_dns_hostname_type_on_launch": "ip-name",
            "tags": {
              "Name": "Private_Subnet_Java_App_Server1"
            },
            "tags_all": {
              "Name": "Private_Subnet_Java_App_Server1"
            },
            "timeouts": null,
            "vpc_id": "vpc-0e7beb62792888e21"
          },
          "sensitive_attributes": [],
          "private": "eyJlMmJmYjczMC1lY2FhLTExZTYtOGY4OC0zNDM2M2JjN2M0YzAiOnsiY3JlYXRlIjo2MDAwMDAwMDAwMDAsImRlbGV0ZSI6MTIwMDAwMDAwMDAwMH0sInNjaGVtYV92ZXJzaW9uIjoiMSJ9",
          "dependencies": [
            "aws_vpc.clixx-app-vpc"
          ]
        }
      ]
    },
    {
      "mode": "managed",
      "type": "aws_subnet",
      "name": "clixx-priv8-javaserv2",
      "provider": "provider[\"registry.terraform.io/hashicorp/aws\"]",
      "instances": [
        {
          "schema_version": 1,
          "attributes": {
            "arn": "arn:aws:ec2:us-east-1:541478845275:subnet/subnet-0cb8e51ae8a517158",
            "assign_ipv6_address_on_creation": false,
            "availability_zone": "us-east-1b",
            "availability_zone_id": "use1-az6",
            "cidr_block": "10.0.8.0/24",
            "customer_owned_ipv4_pool": "",
            "enable_dns64": false,
            "enable_lni_at_device_index": 0,
            "enable_resource_name_dns_a_record_on_launch": false,
            "enable_resource_name_dns_aaaa_record_on_launch": false,
            "id": "subnet-0cb8e51ae8a517158",
            "ipv6_cidr_block": "",
            "ipv6_cidr_block_association_id": "",
            "ipv6_native": false,
            "map_customer_owned_ip_on_launch": false,
            "map_public_ip_on_launch": false,
            "outpost_arn": "",
            "owner_id": "541478845275",
            "private_dns_hostname_type_on_launch": "ip-name",
            "tags": {
              "Name": "Private_Subnet_Java_App_Server2"
            },
            "tags_all": {
              "Name": "Private_Subnet_Java_App_Server2"
            },
            "timeouts": null,
            "vpc_id": "vpc-0e7beb62792888e21"
          },
          "sensitive_attributes": [],
          "private": "eyJlMmJmYjczMC1lY2FhLTExZTYtOGY4OC0zNDM2M2JjN2M0YzAiOnsiY3JlYXRlIjo2MDAwMDAwMDAwMDAsImRlbGV0ZSI6MTIwMDAwMDAwMDAwMH0sInNjaGVtYV92ZXJzaW9uIjoiMSJ9",
          "dependencies": [
            "aws_vpc.clixx-app-vpc"
          ]
        }
      ]
    },
    {
      "mode": "managed",
      "type": "aws_subnet",
      "name": "clixx-priv9-oracleDB1",
      "provider": "provider[\"registry.terraform.io/hashicorp/aws\"]",
      "instances": [
        {
          "schema_version": 1,
          "attributes": {
            "arn": "arn:aws:ec2:us-east-1:541478845275:subnet/subnet-0ee51d1e163657bcf",
            "assign_ipv6_address_on_creation": false,
            "availability_zone": "us-east-1a",
            "availability_zone_id": "use1-az4",
            "cidr_block": "10.0.12.0/24",
            "customer_owned_ipv4_pool": "",
            "enable_dns64": false,
            "enable_lni_at_device_index": 0,
            "enable_resource_name_dns_a_record_on_launch": false,
            "enable_resource_name_dns_aaaa_record_on_launch": false,
            "id": "subnet-0ee51d1e163657bcf",
            "ipv6_cidr_block": "",
            "ipv6_cidr_block_association_id": "",
            "ipv6_native": false,
            "map_customer_owned_ip_on_launch": false,
            "map_public_ip_on_launch": false,
            "outpost_arn": "",
            "owner_id": "541478845275",
            "private_dns_hostname_type_on_launch": "ip-name",
            "tags": {
              "Name": "Private_Subnet_OracleDB"
            },
            "tags_all": {
              "Name": "Private_Subnet_OracleDB"
            },
            "timeouts": null,
            "vpc_id": "vpc-0e7beb62792888e21"
          },
          "sensitive_attributes": [],
          "private": "eyJlMmJmYjczMC1lY2FhLTExZTYtOGY4OC0zNDM2M2JjN2M0YzAiOnsiY3JlYXRlIjo2MDAwMDAwMDAwMDAsImRlbGV0ZSI6MTIwMDAwMDAwMDAwMH0sInNjaGVtYV92ZXJzaW9uIjoiMSJ9",
          "dependencies": [
            "aws_vpc.clixx-app-vpc"
          ]
        }
      ]
    },
    {
      "mode": "managed",
      "type": "aws_subnet",
      "name": "clixx-pub1",
      "provider": "provider[\"registry.terraform.io/hashicorp/aws\"]",
      "instances": [
        {
          "schema_version": 1,
          "attributes": {
            "arn": "arn:aws:ec2:us-east-1:541478845275:subnet/subnet-0210fa21190d6ac96",
            "assign_ipv6_address_on_creation": false,
            "availability_zone": "us-east-1a",
            "availability_zone_id": "use1-az4",
            "cidr_block": "10.0.1.0/24",
            "customer_owned_ipv4_pool": "",
            "enable_dns64": false,
            "enable_lni_at_device_index": 0,
            "enable_resource_name_dns_a_record_on_launch": false,
            "enable_resource_name_dns_aaaa_record_on_launch": false,
            "id": "subnet-0210fa21190d6ac96",
            "ipv6_cidr_block": "",
            "ipv6_cidr_block_association_id": "",
            "ipv6_native": false,
            "map_customer_owned_ip_on_launch": false,
            "map_public_ip_on_launch": true,
            "outpost_arn": "",
            "owner_id": "541478845275",
            "private_dns_hostname_type_on_launch": "ip-name",
            "tags": {
              "Name": "Public_Subnet_EC2_Bastion1"
            },
            "tags_all": {
              "Name": "Public_Subnet_EC2_Bastion1"
            },
            "timeouts": null,
            "vpc_id": "vpc-0e7beb62792888e21"
          },
          "sensitive_attributes": [],
          "private": "eyJlMmJmYjczMC1lY2FhLTExZTYtOGY4OC0zNDM2M2JjN2M0YzAiOnsiY3JlYXRlIjo2MDAwMDAwMDAwMDAsImRlbGV0ZSI6MTIwMDAwMDAwMDAwMH0sInNjaGVtYV92ZXJzaW9uIjoiMSJ9",
          "dependencies": [
            "aws_vpc.clixx-app-vpc"
          ]
        }
      ]
    },
    {
      "mode": "managed",
      "type": "aws_subnet",
      "name": "clixx-pub2",
      "provider": "provider[\"registry.terraform.io/hashicorp/aws\"]",
      "instances": [
        {
          "schema_version": 1,
          "attributes": {
            "arn": "arn:aws:ec2:us-east-1:541478845275:subnet/subnet-039376d95aa2bcc9c",
            "assign_ipv6_address_on_creation": false,
            "availability_zone": "us-east-1b",
            "availability_zone_id": "use1-az6",
            "cidr_block": "10.0.2.0/24",
            "customer_owned_ipv4_pool": "",
            "enable_dns64": false,
            "enable_lni_at_device_index": 0,
            "enable_resource_name_dns_a_record_on_launch": false,
            "enable_resource_name_dns_aaaa_record_on_launch": false,
            "id": "subnet-039376d95aa2bcc9c",
            "ipv6_cidr_block": "",
            "ipv6_cidr_block_association_id": "",
            "ipv6_native": false,
            "map_customer_owned_ip_on_launch": false,
            "map_public_ip_on_launch": true,
            "outpost_arn": "",
            "owner_id": "541478845275",
            "private_dns_hostname_type_on_launch": "ip-name",
            "tags": {
              "Name": "Public_Subnet2_EC2_Bastion2"
            },
            "tags_all": {
              "Name": "Public_Subnet2_EC2_Bastion2"
            },
            "timeouts": null,
            "vpc_id": "vpc-0e7beb62792888e21"
          },
          "sensitive_attributes": [],
          "private": "eyJlMmJmYjczMC1lY2FhLTExZTYtOGY4OC0zNDM2M2JjN2M0YzAiOnsiY3JlYXRlIjo2MDAwMDAwMDAwMDAsImRlbGV0ZSI6MTIwMDAwMDAwMDAwMH0sInNjaGVtYV92ZXJzaW9uIjoiMSJ9",
          "dependencies": [
            "aws_vpc.clixx-app-vpc"
          ]
        }
      ]
    },
    {
      "mode": "managed",
      "type": "aws_vpc",
      "name": "clixx-app-vpc",
      "provider": "provider[\"registry.terraform.io/hashicorp/aws\"]",
      "instances": [
        {
          "schema_version": 1,
          "attributes": {
            "arn": "arn:aws:ec2:us-east-1:541478845275:vpc/vpc-0e7beb62792888e21",
            "assign_generated_ipv6_cidr_block": false,
            "cidr_block": "10.0.0.0/16",
            "default_network_acl_id": "acl-054dca55e19fffeba",
            "default_route_table_id": "rtb-0f665de96491d8674",
            "default_security_group_id": "sg-0ab2e4fb8798ea311",
            "dhcp_options_id": "dopt-05db69f88db11ef93",
            "enable_dns_hostnames": false,
            "enable_dns_support": true,
            "enable_network_address_usage_metrics": false,
            "id": "vpc-0e7beb62792888e21",
            "instance_tenancy": "default",
            "ipv4_ipam_pool_id": null,
            "ipv4_netmask_length": null,
            "ipv6_association_id": "",
            "ipv6_cidr_block": "",
            "ipv6_cidr_block_network_border_group": "",
            "ipv6_ipam_pool_id": "",
            "ipv6_netmask_length": 0,
            "main_route_table_id": "rtb-0f665de96491d8674",
            "owner_id": "541478845275",
            "tags": {
              "Name": "clixx-app-vpc"
            },
            "tags_all": {
              "Name": "clixx-app-vpc"
            }
          },
          "sensitive_attributes": [],
          "private": "eyJzY2hlbWFfdmVyc2lvbiI6IjEifQ=="
        }
      ]
    }
  ],
  "check_results": null
}
